
Microsoft Visual Studio Solution File, Format Version 12.00
# Visual Studio Version 17
VisualStudioVersion = 17.7.34031.279
MinimumVisualStudioVersion = 10.0.40219.1
Project("{8BC9CEB8-8B4A-11D0-8D11-00A0C91BC942}") = "Bài 001", "Bài 001\Bài 001.vcxproj", "{9B951C3E-F6C6-4A5D-B59B-DC3FDAD49AA0}"
EndProject
Project("{8BC9CEB8-8B4A-11D0-8D11-00A0C91BC942}") = "Bài 084", "Bài 084\Bài 084.vcxproj", "{187BEC95-DB59-49DC-BFFB-8023EF08B519}"
EndProject
Project("{8BC9CEB8-8B4A-11D0-8D11-00A0C91BC942}") = "Bài 085", "Bài 085\Bài 085.vcxproj", "{6E3315A3-69DC-4441-A691-10A3429C566F}"
EndProject
Project("{8BC9CEB8-8B4A-11D0-8D11-00A0C91BC942}") = "Bài 086", "Bài 086\Bài 086.vcxproj", "{1EE7C053-A5D2-4FFD-9105-C193FA125E82}"
EndProject
Project("{8BC9CEB8-8B4A-11D0-8D11-00A0C91BC942}") = "Bài 087", "Bài 087\Bài 087.vcxproj", "{BACBBD03-918B-464B-A4B1-C11AE86138F3}"
EndProject
Project("{8BC9CEB8-8B4A-11D0-8D11-00A0C91BC942}") = "Bài 088", "Bài 088\Bài 088.vcxproj", "{785F9646-2549-4EA2-8AB6-6256AF8984AA}"
EndProject
Project("{8BC9CEB8-8B4A-11D0-8D11-00A0C91BC942}") = "Bài 089", "Bài 089\Bài 089.vcxproj", "{AF30CDFB-20EE-4BC6-98EB-60EB63E1BC75}"
EndProject
Project("{8BC9CEB8-8B4A-11D0-8D11-00A0C91BC942}") = "Bài 090", "Bài 090\Bài 090.vcxproj", "{A60CAC48-FDBA-48F4-9F6F-84BB45F03F74}"
EndProject
Project("{8BC9CEB8-8B4A-11D0-8D11-00A0C91BC942}") = "Bài 091", "Bài 091\Bài 091.vcxproj", "{5EA617A5-C41B-4E9E-A426-EAB67CD5983C}"
EndProject
Project("{8BC9CEB8-8B4A-11D0-8D11-00A0C91BC942}") = "Bài 092", "Bài 092\Bài 092.vcxproj", "{906D02A7-E3EE-4702-BC83-7456DA65C0BF}"
EndProject
Project("{8BC9CEB8-8B4A-11D0-8D11-00A0C91BC942}") = "Bài 093", "Bài 093\Bài 093.vcxproj", "{7C09672D-F23E-4A54-8966-4121D4F51B33}"
EndProject
Project("{8BC9CEB8-8B4A-11D0-8D11-00A0C91BC942}") = "Bài 094", "Bài 094\Bài 094.vcxproj", "{DEF61459-0384-4C86-A658-F723F501BC66}"
EndProject
Project("{8BC9CEB8-8B4A-11D0-8D11-00A0C91BC942}") = "Bài 095", "Bài 095\Bài 095.vcxproj", "{19FF6EE5-4A79-45AC-A169-1FF4456878E5}"
EndProject
Project("{8BC9CEB8-8B4A-11D0-8D11-00A0C91BC942}") = "Bài 096", "Bài 096\Bài 096.vcxproj", "{D2956647-CAF0-4B63-BB41-165304EFB67B}"
EndProject
Project("{8BC9CEB8-8B4A-11D0-8D11-00A0C91BC942}") = "Bài 097", "Bài 097\Bài 097.vcxproj", "{9F8E2497-6139-46B1-BAF8-73671B832F5B}"
EndProject
Project("{8BC9CEB8-8B4A-11D0-8D11-00A0C91BC942}") = "Bài 098", "Bài 098\Bài 098.vcxproj", "{F3BB3DFF-9522-450A-8EF7-D224EA4C2290}"
EndProject
Project("{8BC9CEB8-8B4A-11D0-8D11-00A0C91BC942}") = "Bài 099", "Bài 099\Bài 099.vcxproj", "{185E3141-B6B9-426B-980C-C0C530822D91}"
EndProject
Project("{8BC9CEB8-8B4A-11D0-8D11-00A0C91BC942}") = "Bài 100", "Bài 100\Bài 100.vcxproj", "{8E24C49F-BA3C-4A04-9406-84608B0E1947}"
EndProject
Project("{8BC9CEB8-8B4A-11D0-8D11-00A0C91BC942}") = "Bài 101", "Bài 101\Bài 101.vcxproj", "{21286649-4662-40CA-9484-DE4068B97304}"
EndProject
Project("{8BC9CEB8-8B4A-11D0-8D11-00A0C91BC942}") = "Bài 102", "Bài 102\Bài 102.vcxproj", "{6D986DC8-0515-40C2-8A95-6870F874492B}"
EndProject
Project("{8BC9CEB8-8B4A-11D0-8D11-00A0C91BC942}") = "Bài 103", "Bài 103\Bài 103.vcxproj", "{008A45C4-EE87-499A-8E78-421E55EB9A4F}"
EndProject
Project("{8BC9CEB8-8B4A-11D0-8D11-00A0C91BC942}") = "Bài 104", "Bài 104\Bài 104.vcxproj", "{3EE6CEA7-4386-431C-83AF-CAAB0E224D13}"
EndProject
Project("{8BC9CEB8-8B4A-11D0-8D11-00A0C91BC942}") = "Bài 105", "Bài 105\Bài 105.vcxproj", "{58D7CE5E-0667-453C-8CD2-CABE1E6E630C}"
EndProject
Project("{8BC9CEB8-8B4A-11D0-8D11-00A0C91BC942}") = "Bài 106", "Bài 106\Bài 106.vcxproj", "{89C58DF3-CA1E-42B1-BA87-A93BEC053A51}"
EndProject
Project("{8BC9CEB8-8B4A-11D0-8D11-00A0C91BC942}") = "Bài 107", "Bài 107\Bài 107.vcxproj", "{4137A4CA-68BD-4D1C-9B49-FB0BBEB71E12}"
EndProject
Project("{8BC9CEB8-8B4A-11D0-8D11-00A0C91BC942}") = "Bài 108", "Bài 108\Bài 108.vcxproj", "{D3F4DE6E-DD83-43EE-A49F-64EA7477CC91}"
EndProject
Project("{8BC9CEB8-8B4A-11D0-8D11-00A0C91BC942}") = "Bài 109", "Bài 109\Bài 109.vcxproj", "{75BCBA84-B198-4E8E-8722-834B173EBA58}"
EndProject
Project("{8BC9CEB8-8B4A-11D0-8D11-00A0C91BC942}") = "Bài 110", "Bài 110\Bài 110.vcxproj", "{DC3B673D-9E34-40AB-A089-897F64A9B5CC}"
EndProject
Project("{8BC9CEB8-8B4A-11D0-8D11-00A0C91BC942}") = "Bài 111", "Bài 111\Bài 111.vcxproj", "{DB71AE8F-1A3C-4C2B-8060-17D70A7A7F33}"
EndProject
Project("{8BC9CEB8-8B4A-11D0-8D11-00A0C91BC942}") = "Bài 112", "Bài 112\Bài 112.vcxproj", "{6E51043E-5EA9-4B8C-93D7-77FE26606BEF}"
EndProject
Project("{8BC9CEB8-8B4A-11D0-8D11-00A0C91BC942}") = "Bài 113", "Bài 113\Bài 113.vcxproj", "{0F597B36-AC0D-487E-BA73-3B74B804BDD2}"
EndProject
Project("{8BC9CEB8-8B4A-11D0-8D11-00A0C91BC942}") = "Bài 114", "Bài 114\Bài 114.vcxproj", "{DF4BBE52-A022-44BD-A24A-B83034C152A7}"
EndProject
Project("{8BC9CEB8-8B4A-11D0-8D11-00A0C91BC942}") = "Bài 115", "Bài 115\Bài 115.vcxproj", "{6A49C7D9-E226-4F23-A4EF-BF6C545C7387}"
EndProject
Project("{8BC9CEB8-8B4A-11D0-8D11-00A0C91BC942}") = "Bài 116", "Bài 116\Bài 116.vcxproj", "{07434E21-80C7-4702-A7E4-B4C1A6F4AA42}"
EndProject
Project("{8BC9CEB8-8B4A-11D0-8D11-00A0C91BC942}") = "Bài 117", "Bài 117\Bài 117.vcxproj", "{B6254707-2A77-4D92-91FB-7E45449850F7}"
EndProject
Project("{8BC9CEB8-8B4A-11D0-8D11-00A0C91BC942}") = "Bài 118", "Bài 118\Bài 118.vcxproj", "{9B3C132C-684C-44EE-8760-5ACD5979C3E6}"
EndProject
Project("{8BC9CEB8-8B4A-11D0-8D11-00A0C91BC942}") = "Bài 119", "Bài 119\Bài 119.vcxproj", "{C1C584C9-F8FC-4FA8-AF63-0E21D156DA08}"
EndProject
Project("{8BC9CEB8-8B4A-11D0-8D11-00A0C91BC942}") = "Bài 120", "Bài 120\Bài 120.vcxproj", "{B440ADD9-5CE4-4AD5-9C8A-3BC5A14E5D0D}"
EndProject
Project("{8BC9CEB8-8B4A-11D0-8D11-00A0C91BC942}") = "Bài 121", "Bài 121\Bài 121.vcxproj", "{46CBB93A-C269-42A7-954B-C66E139E2B05}"
EndProject
Project("{8BC9CEB8-8B4A-11D0-8D11-00A0C91BC942}") = "Bài 122", "Bài 122\Bài 122.vcxproj", "{D57BEFFC-FA7E-4718-B24E-70463F3C8319}"
EndProject
Project("{8BC9CEB8-8B4A-11D0-8D11-00A0C91BC942}") = "Bài 123", "Bài 123\Bài 123.vcxproj", "{E5EAABC8-E5E2-4338-80B4-DBE8FC046BEA}"
EndProject
Project("{8BC9CEB8-8B4A-11D0-8D11-00A0C91BC942}") = "Bài 124", "Bài 124\Bài 124.vcxproj", "{2EF24089-365F-4952-B62C-F33DF5A5115F}"
EndProject
Project("{8BC9CEB8-8B4A-11D0-8D11-00A0C91BC942}") = "Bài 125", "Bài 125\Bài 125.vcxproj", "{DE2E829D-55C7-4404-9134-81EDA42CB68E}"
EndProject
Project("{8BC9CEB8-8B4A-11D0-8D11-00A0C91BC942}") = "Bài 126", "Bài 126\Bài 126.vcxproj", "{72306BC7-DECE-477F-AE31-275DB28B30E6}"
EndProject
Project("{8BC9CEB8-8B4A-11D0-8D11-00A0C91BC942}") = "Bài 127", "Bài 127\Bài 127.vcxproj", "{7A241947-AB26-4C62-95FF-BEDF82D7C227}"
EndProject
Project("{8BC9CEB8-8B4A-11D0-8D11-00A0C91BC942}") = "Bài 128", "Bài 128\Bài 128.vcxproj", "{6FF53632-3E3B-47DB-A333-D5661EBBACF2}"
EndProject
Project("{8BC9CEB8-8B4A-11D0-8D11-00A0C91BC942}") = "Bài 129", "Bài 129\Bài 129.vcxproj", "{DF63375F-85E4-4DC5-9543-5264D554DA44}"
EndProject
Project("{8BC9CEB8-8B4A-11D0-8D11-00A0C91BC942}") = "Bài 130", "Bài 130\Bài 130.vcxproj", "{1455DB2F-5E8F-48C8-8DB0-BB2E2A1DAAC1}"
EndProject
Project("{8BC9CEB8-8B4A-11D0-8D11-00A0C91BC942}") = "Bài 131", "Bài 131\Bài 131.vcxproj", "{104D08F3-0129-4C40-9D83-07B00609EEA3}"
EndProject
Project("{8BC9CEB8-8B4A-11D0-8D11-00A0C91BC942}") = "Bài 132", "Bài 132\Bài 132.vcxproj", "{8CE245FA-D118-41D7-BEF5-6ECE5C0B116F}"
EndProject
Project("{8BC9CEB8-8B4A-11D0-8D11-00A0C91BC942}") = "Bài 133", "Bài 133\Bài 133.vcxproj", "{3235807B-0047-4616-8051-7A4D6CE45782}"
EndProject
Project("{8BC9CEB8-8B4A-11D0-8D11-00A0C91BC942}") = "Bài 134", "Bài 134\Bài 134.vcxproj", "{5C6305D1-45FA-43FA-AF88-F8D7DE36AF93}"
EndProject
Project("{8BC9CEB8-8B4A-11D0-8D11-00A0C91BC942}") = "Bài 135", "Bài 135\Bài 135.vcxproj", "{C89F939B-83DD-4704-930D-8136EBE4819A}"
EndProject
Project("{8BC9CEB8-8B4A-11D0-8D11-00A0C91BC942}") = "Bài 136", "Bài 136\Bài 136.vcxproj", "{5B76D50E-AEDC-473B-8291-57B4A04CD6DD}"
EndProject
Project("{8BC9CEB8-8B4A-11D0-8D11-00A0C91BC942}") = "Bài 137", "Bài 137\Bài 137.vcxproj", "{8DCC677C-A77E-44D2-903E-057369E06E60}"
EndProject
Project("{8BC9CEB8-8B4A-11D0-8D11-00A0C91BC942}") = "Bài 138", "Bài 138\Bài 138.vcxproj", "{6E412660-C541-41A6-81FB-38F81C1BDF13}"
EndProject
Project("{8BC9CEB8-8B4A-11D0-8D11-00A0C91BC942}") = "Bài 139", "Bài 139\Bài 139.vcxproj", "{CACE2037-0A19-43AA-B90D-976A89CAEF31}"
EndProject
Global
	GlobalSection(SolutionConfigurationPlatforms) = preSolution
		Debug|x64 = Debug|x64
		Debug|x86 = Debug|x86
		Release|x64 = Release|x64
		Release|x86 = Release|x86
	EndGlobalSection
	GlobalSection(ProjectConfigurationPlatforms) = postSolution
		{9B951C3E-F6C6-4A5D-B59B-DC3FDAD49AA0}.Debug|x64.ActiveCfg = Debug|x64
		{9B951C3E-F6C6-4A5D-B59B-DC3FDAD49AA0}.Debug|x64.Build.0 = Debug|x64
		{9B951C3E-F6C6-4A5D-B59B-DC3FDAD49AA0}.Debug|x86.ActiveCfg = Debug|Win32
		{9B951C3E-F6C6-4A5D-B59B-DC3FDAD49AA0}.Debug|x86.Build.0 = Debug|Win32
		{9B951C3E-F6C6-4A5D-B59B-DC3FDAD49AA0}.Release|x64.ActiveCfg = Release|x64
		{9B951C3E-F6C6-4A5D-B59B-DC3FDAD49AA0}.Release|x64.Build.0 = Release|x64
		{9B951C3E-F6C6-4A5D-B59B-DC3FDAD49AA0}.Release|x86.ActiveCfg = Release|Win32
		{9B951C3E-F6C6-4A5D-B59B-DC3FDAD49AA0}.Release|x86.Build.0 = Release|Win32
		{187BEC95-DB59-49DC-BFFB-8023EF08B519}.Debug|x64.ActiveCfg = Debug|x64
		{187BEC95-DB59-49DC-BFFB-8023EF08B519}.Debug|x64.Build.0 = Debug|x64
		{187BEC95-DB59-49DC-BFFB-8023EF08B519}.Debug|x86.ActiveCfg = Debug|Win32
		{187BEC95-DB59-49DC-BFFB-8023EF08B519}.Debug|x86.Build.0 = Debug|Win32
		{187BEC95-DB59-49DC-BFFB-8023EF08B519}.Release|x64.ActiveCfg = Release|x64
		{187BEC95-DB59-49DC-BFFB-8023EF08B519}.Release|x64.Build.0 = Release|x64
		{187BEC95-DB59-49DC-BFFB-8023EF08B519}.Release|x86.ActiveCfg = Release|Win32
		{187BEC95-DB59-49DC-BFFB-8023EF08B519}.Release|x86.Build.0 = Release|Win32
		{6E3315A3-69DC-4441-A691-10A3429C566F}.Debug|x64.ActiveCfg = Debug|x64
		{6E3315A3-69DC-4441-A691-10A3429C566F}.Debug|x64.Build.0 = Debug|x64
		{6E3315A3-69DC-4441-A691-10A3429C566F}.Debug|x86.ActiveCfg = Debug|Win32
		{6E3315A3-69DC-4441-A691-10A3429C566F}.Debug|x86.Build.0 = Debug|Win32
		{6E3315A3-69DC-4441-A691-10A3429C566F}.Release|x64.ActiveCfg = Release|x64
		{6E3315A3-69DC-4441-A691-10A3429C566F}.Release|x64.Build.0 = Release|x64
		{6E3315A3-69DC-4441-A691-10A3429C566F}.Release|x86.ActiveCfg = Release|Win32
		{6E3315A3-69DC-4441-A691-10A3429C566F}.Release|x86.Build.0 = Release|Win32
		{1EE7C053-A5D2-4FFD-9105-C193FA125E82}.Debug|x64.ActiveCfg = Debug|x64
		{1EE7C053-A5D2-4FFD-9105-C193FA125E82}.Debug|x64.Build.0 = Debug|x64
		{1EE7C053-A5D2-4FFD-9105-C193FA125E82}.Debug|x86.ActiveCfg = Debug|Win32
		{1EE7C053-A5D2-4FFD-9105-C193FA125E82}.Debug|x86.Build.0 = Debug|Win32
		{1EE7C053-A5D2-4FFD-9105-C193FA125E82}.Release|x64.ActiveCfg = Release|x64
		{1EE7C053-A5D2-4FFD-9105-C193FA125E82}.Release|x64.Build.0 = Release|x64
		{1EE7C053-A5D2-4FFD-9105-C193FA125E82}.Release|x86.ActiveCfg = Release|Win32
		{1EE7C053-A5D2-4FFD-9105-C193FA125E82}.Release|x86.Build.0 = Release|Win32
		{BACBBD03-918B-464B-A4B1-C11AE86138F3}.Debug|x64.ActiveCfg = Debug|x64
		{BACBBD03-918B-464B-A4B1-C11AE86138F3}.Debug|x64.Build.0 = Debug|x64
		{BACBBD03-918B-464B-A4B1-C11AE86138F3}.Debug|x86.ActiveCfg = Debug|Win32
		{BACBBD03-918B-464B-A4B1-C11AE86138F3}.Debug|x86.Build.0 = Debug|Win32
		{BACBBD03-918B-464B-A4B1-C11AE86138F3}.Release|x64.ActiveCfg = Release|x64
		{BACBBD03-918B-464B-A4B1-C11AE86138F3}.Release|x64.Build.0 = Release|x64
		{BACBBD03-918B-464B-A4B1-C11AE86138F3}.Release|x86.ActiveCfg = Release|Win32
		{BACBBD03-918B-464B-A4B1-C11AE86138F3}.Release|x86.Build.0 = Release|Win32
		{785F9646-2549-4EA2-8AB6-6256AF8984AA}.Debug|x64.ActiveCfg = Debug|x64
		{785F9646-2549-4EA2-8AB6-6256AF8984AA}.Debug|x64.Build.0 = Debug|x64
		{785F9646-2549-4EA2-8AB6-6256AF8984AA}.Debug|x86.ActiveCfg = Debug|Win32
		{785F9646-2549-4EA2-8AB6-6256AF8984AA}.Debug|x86.Build.0 = Debug|Win32
		{785F9646-2549-4EA2-8AB6-6256AF8984AA}.Release|x64.ActiveCfg = Release|x64
		{785F9646-2549-4EA2-8AB6-6256AF8984AA}.Release|x64.Build.0 = Release|x64
		{785F9646-2549-4EA2-8AB6-6256AF8984AA}.Release|x86.ActiveCfg = Release|Win32
		{785F9646-2549-4EA2-8AB6-6256AF8984AA}.Release|x86.Build.0 = Release|Win32
		{AF30CDFB-20EE-4BC6-98EB-60EB63E1BC75}.Debug|x64.ActiveCfg = Debug|x64
		{AF30CDFB-20EE-4BC6-98EB-60EB63E1BC75}.Debug|x64.Build.0 = Debug|x64
		{AF30CDFB-20EE-4BC6-98EB-60EB63E1BC75}.Debug|x86.ActiveCfg = Debug|Win32
		{AF30CDFB-20EE-4BC6-98EB-60EB63E1BC75}.Debug|x86.Build.0 = Debug|Win32
		{AF30CDFB-20EE-4BC6-98EB-60EB63E1BC75}.Release|x64.ActiveCfg = Release|x64
		{AF30CDFB-20EE-4BC6-98EB-60EB63E1BC75}.Release|x64.Build.0 = Release|x64
		{AF30CDFB-20EE-4BC6-98EB-60EB63E1BC75}.Release|x86.ActiveCfg = Release|Win32
		{AF30CDFB-20EE-4BC6-98EB-60EB63E1BC75}.Release|x86.Build.0 = Release|Win32
		{A60CAC48-FDBA-48F4-9F6F-84BB45F03F74}.Debug|x64.ActiveCfg = Debug|x64
		{A60CAC48-FDBA-48F4-9F6F-84BB45F03F74}.Debug|x64.Build.0 = Debug|x64
		{A60CAC48-FDBA-48F4-9F6F-84BB45F03F74}.Debug|x86.ActiveCfg = Debug|Win32
		{A60CAC48-FDBA-48F4-9F6F-84BB45F03F74}.Debug|x86.Build.0 = Debug|Win32
		{A60CAC48-FDBA-48F4-9F6F-84BB45F03F74}.Release|x64.ActiveCfg = Release|x64
		{A60CAC48-FDBA-48F4-9F6F-84BB45F03F74}.Release|x64.Build.0 = Release|x64
		{A60CAC48-FDBA-48F4-9F6F-84BB45F03F74}.Release|x86.ActiveCfg = Release|Win32
		{A60CAC48-FDBA-48F4-9F6F-84BB45F03F74}.Release|x86.Build.0 = Release|Win32
		{5EA617A5-C41B-4E9E-A426-EAB67CD5983C}.Debug|x64.ActiveCfg = Debug|x64
		{5EA617A5-C41B-4E9E-A426-EAB67CD5983C}.Debug|x64.Build.0 = Debug|x64
		{5EA617A5-C41B-4E9E-A426-EAB67CD5983C}.Debug|x86.ActiveCfg = Debug|Win32
		{5EA617A5-C41B-4E9E-A426-EAB67CD5983C}.Debug|x86.Build.0 = Debug|Win32
		{5EA617A5-C41B-4E9E-A426-EAB67CD5983C}.Release|x64.ActiveCfg = Release|x64
		{5EA617A5-C41B-4E9E-A426-EAB67CD5983C}.Release|x64.Build.0 = Release|x64
		{5EA617A5-C41B-4E9E-A426-EAB67CD5983C}.Release|x86.ActiveCfg = Release|Win32
		{5EA617A5-C41B-4E9E-A426-EAB67CD5983C}.Release|x86.Build.0 = Release|Win32
		{906D02A7-E3EE-4702-BC83-7456DA65C0BF}.Debug|x64.ActiveCfg = Debug|x64
		{906D02A7-E3EE-4702-BC83-7456DA65C0BF}.Debug|x64.Build.0 = Debug|x64
		{906D02A7-E3EE-4702-BC83-7456DA65C0BF}.Debug|x86.ActiveCfg = Debug|Win32
		{906D02A7-E3EE-4702-BC83-7456DA65C0BF}.Debug|x86.Build.0 = Debug|Win32
		{906D02A7-E3EE-4702-BC83-7456DA65C0BF}.Release|x64.ActiveCfg = Release|x64
		{906D02A7-E3EE-4702-BC83-7456DA65C0BF}.Release|x64.Build.0 = Release|x64
		{906D02A7-E3EE-4702-BC83-7456DA65C0BF}.Release|x86.ActiveCfg = Release|Win32
		{906D02A7-E3EE-4702-BC83-7456DA65C0BF}.Release|x86.Build.0 = Release|Win32
		{7C09672D-F23E-4A54-8966-4121D4F51B33}.Debug|x64.ActiveCfg = Debug|x64
		{7C09672D-F23E-4A54-8966-4121D4F51B33}.Debug|x64.Build.0 = Debug|x64
		{7C09672D-F23E-4A54-8966-4121D4F51B33}.Debug|x86.ActiveCfg = Debug|Win32
		{7C09672D-F23E-4A54-8966-4121D4F51B33}.Debug|x86.Build.0 = Debug|Win32
		{7C09672D-F23E-4A54-8966-4121D4F51B33}.Release|x64.ActiveCfg = Release|x64
		{7C09672D-F23E-4A54-8966-4121D4F51B33}.Release|x64.Build.0 = Release|x64
		{7C09672D-F23E-4A54-8966-4121D4F51B33}.Release|x86.ActiveCfg = Release|Win32
		{7C09672D-F23E-4A54-8966-4121D4F51B33}.Release|x86.Build.0 = Release|Win32
		{DEF61459-0384-4C86-A658-F723F501BC66}.Debug|x64.ActiveCfg = Debug|x64
		{DEF61459-0384-4C86-A658-F723F501BC66}.Debug|x64.Build.0 = Debug|x64
		{DEF61459-0384-4C86-A658-F723F501BC66}.Debug|x86.ActiveCfg = Debug|Win32
		{DEF61459-0384-4C86-A658-F723F501BC66}.Debug|x86.Build.0 = Debug|Win32
		{DEF61459-0384-4C86-A658-F723F501BC66}.Release|x64.ActiveCfg = Release|x64
		{DEF61459-0384-4C86-A658-F723F501BC66}.Release|x64.Build.0 = Release|x64
		{DEF61459-0384-4C86-A658-F723F501BC66}.Release|x86.ActiveCfg = Release|Win32
		{DEF61459-0384-4C86-A658-F723F501BC66}.Release|x86.Build.0 = Release|Win32
		{19FF6EE5-4A79-45AC-A169-1FF4456878E5}.Debug|x64.ActiveCfg = Debug|x64
		{19FF6EE5-4A79-45AC-A169-1FF4456878E5}.Debug|x64.Build.0 = Debug|x64
		{19FF6EE5-4A79-45AC-A169-1FF4456878E5}.Debug|x86.ActiveCfg = Debug|Win32
		{19FF6EE5-4A79-45AC-A169-1FF4456878E5}.Debug|x86.Build.0 = Debug|Win32
		{19FF6EE5-4A79-45AC-A169-1FF4456878E5}.Release|x64.ActiveCfg = Release|x64
		{19FF6EE5-4A79-45AC-A169-1FF4456878E5}.Release|x64.Build.0 = Release|x64
		{19FF6EE5-4A79-45AC-A169-1FF4456878E5}.Release|x86.ActiveCfg = Release|Win32
		{19FF6EE5-4A79-45AC-A169-1FF4456878E5}.Release|x86.Build.0 = Release|Win32
		{D2956647-CAF0-4B63-BB41-165304EFB67B}.Debug|x64.ActiveCfg = Debug|x64
		{D2956647-CAF0-4B63-BB41-165304EFB67B}.Debug|x64.Build.0 = Debug|x64
		{D2956647-CAF0-4B63-BB41-165304EFB67B}.Debug|x86.ActiveCfg = Debug|Win32
		{D2956647-CAF0-4B63-BB41-165304EFB67B}.Debug|x86.Build.0 = Debug|Win32
		{D2956647-CAF0-4B63-BB41-165304EFB67B}.Release|x64.ActiveCfg = Release|x64
		{D2956647-CAF0-4B63-BB41-165304EFB67B}.Release|x64.Build.0 = Release|x64
		{D2956647-CAF0-4B63-BB41-165304EFB67B}.Release|x86.ActiveCfg = Release|Win32
		{D2956647-CAF0-4B63-BB41-165304EFB67B}.Release|x86.Build.0 = Release|Win32
		{9F8E2497-6139-46B1-BAF8-73671B832F5B}.Debug|x64.ActiveCfg = Debug|x64
		{9F8E2497-6139-46B1-BAF8-73671B832F5B}.Debug|x64.Build.0 = Debug|x64
		{9F8E2497-6139-46B1-BAF8-73671B832F5B}.Debug|x86.ActiveCfg = Debug|Win32
		{9F8E2497-6139-46B1-BAF8-73671B832F5B}.Debug|x86.Build.0 = Debug|Win32
		{9F8E2497-6139-46B1-BAF8-73671B832F5B}.Release|x64.ActiveCfg = Release|x64
		{9F8E2497-6139-46B1-BAF8-73671B832F5B}.Release|x64.Build.0 = Release|x64
		{9F8E2497-6139-46B1-BAF8-73671B832F5B}.Release|x86.ActiveCfg = Release|Win32
		{9F8E2497-6139-46B1-BAF8-73671B832F5B}.Release|x86.Build.0 = Release|Win32
		{F3BB3DFF-9522-450A-8EF7-D224EA4C2290}.Debug|x64.ActiveCfg = Debug|x64
		{F3BB3DFF-9522-450A-8EF7-D224EA4C2290}.Debug|x64.Build.0 = Debug|x64
		{F3BB3DFF-9522-450A-8EF7-D224EA4C2290}.Debug|x86.ActiveCfg = Debug|Win32
		{F3BB3DFF-9522-450A-8EF7-D224EA4C2290}.Debug|x86.Build.0 = Debug|Win32
		{F3BB3DFF-9522-450A-8EF7-D224EA4C2290}.Release|x64.ActiveCfg = Release|x64
		{F3BB3DFF-9522-450A-8EF7-D224EA4C2290}.Release|x64.Build.0 = Release|x64
		{F3BB3DFF-9522-450A-8EF7-D224EA4C2290}.Release|x86.ActiveCfg = Release|Win32
		{F3BB3DFF-9522-450A-8EF7-D224EA4C2290}.Release|x86.Build.0 = Release|Win32
		{185E3141-B6B9-426B-980C-C0C530822D91}.Debug|x64.ActiveCfg = Debug|x64
		{185E3141-B6B9-426B-980C-C0C530822D91}.Debug|x64.Build.0 = Debug|x64
		{185E3141-B6B9-426B-980C-C0C530822D91}.Debug|x86.ActiveCfg = Debug|Win32
		{185E3141-B6B9-426B-980C-C0C530822D91}.Debug|x86.Build.0 = Debug|Win32
		{185E3141-B6B9-426B-980C-C0C530822D91}.Release|x64.ActiveCfg = Release|x64
		{185E3141-B6B9-426B-980C-C0C530822D91}.Release|x64.Build.0 = Release|x64
		{185E3141-B6B9-426B-980C-C0C530822D91}.Release|x86.ActiveCfg = Release|Win32
		{185E3141-B6B9-426B-980C-C0C530822D91}.Release|x86.Build.0 = Release|Win32
		{8E24C49F-BA3C-4A04-9406-84608B0E1947}.Debug|x64.ActiveCfg = Debug|x64
		{8E24C49F-BA3C-4A04-9406-84608B0E1947}.Debug|x64.Build.0 = Debug|x64
		{8E24C49F-BA3C-4A04-9406-84608B0E1947}.Debug|x86.ActiveCfg = Debug|Win32
		{8E24C49F-BA3C-4A04-9406-84608B0E1947}.Debug|x86.Build.0 = Debug|Win32
		{8E24C49F-BA3C-4A04-9406-84608B0E1947}.Release|x64.ActiveCfg = Release|x64
		{8E24C49F-BA3C-4A04-9406-84608B0E1947}.Release|x64.Build.0 = Release|x64
		{8E24C49F-BA3C-4A04-9406-84608B0E1947}.Release|x86.ActiveCfg = Release|Win32
		{8E24C49F-BA3C-4A04-9406-84608B0E1947}.Release|x86.Build.0 = Release|Win32
		{21286649-4662-40CA-9484-DE4068B97304}.Debug|x64.ActiveCfg = Debug|x64
		{21286649-4662-40CA-9484-DE4068B97304}.Debug|x64.Build.0 = Debug|x64
		{21286649-4662-40CA-9484-DE4068B97304}.Debug|x86.ActiveCfg = Debug|Win32
		{21286649-4662-40CA-9484-DE4068B97304}.Debug|x86.Build.0 = Debug|Win32
		{21286649-4662-40CA-9484-DE4068B97304}.Release|x64.ActiveCfg = Release|x64
		{21286649-4662-40CA-9484-DE4068B97304}.Release|x64.Build.0 = Release|x64
		{21286649-4662-40CA-9484-DE4068B97304}.Release|x86.ActiveCfg = Release|Win32
		{21286649-4662-40CA-9484-DE4068B97304}.Release|x86.Build.0 = Release|Win32
		{6D986DC8-0515-40C2-8A95-6870F874492B}.Debug|x64.ActiveCfg = Debug|x64
		{6D986DC8-0515-40C2-8A95-6870F874492B}.Debug|x64.Build.0 = Debug|x64
		{6D986DC8-0515-40C2-8A95-6870F874492B}.Debug|x86.ActiveCfg = Debug|Win32
		{6D986DC8-0515-40C2-8A95-6870F874492B}.Debug|x86.Build.0 = Debug|Win32
		{6D986DC8-0515-40C2-8A95-6870F874492B}.Release|x64.ActiveCfg = Release|x64
		{6D986DC8-0515-40C2-8A95-6870F874492B}.Release|x64.Build.0 = Release|x64
		{6D986DC8-0515-40C2-8A95-6870F874492B}.Release|x86.ActiveCfg = Release|Win32
		{6D986DC8-0515-40C2-8A95-6870F874492B}.Release|x86.Build.0 = Release|Win32
		{008A45C4-EE87-499A-8E78-421E55EB9A4F}.Debug|x64.ActiveCfg = Debug|x64
		{008A45C4-EE87-499A-8E78-421E55EB9A4F}.Debug|x64.Build.0 = Debug|x64
		{008A45C4-EE87-499A-8E78-421E55EB9A4F}.Debug|x86.ActiveCfg = Debug|Win32
		{008A45C4-EE87-499A-8E78-421E55EB9A4F}.Debug|x86.Build.0 = Debug|Win32
		{008A45C4-EE87-499A-8E78-421E55EB9A4F}.Release|x64.ActiveCfg = Release|x64
		{008A45C4-EE87-499A-8E78-421E55EB9A4F}.Release|x64.Build.0 = Release|x64
		{008A45C4-EE87-499A-8E78-421E55EB9A4F}.Release|x86.ActiveCfg = Release|Win32
		{008A45C4-EE87-499A-8E78-421E55EB9A4F}.Release|x86.Build.0 = Release|Win32
		{3EE6CEA7-4386-431C-83AF-CAAB0E224D13}.Debug|x64.ActiveCfg = Debug|x64
		{3EE6CEA7-4386-431C-83AF-CAAB0E224D13}.Debug|x64.Build.0 = Debug|x64
		{3EE6CEA7-4386-431C-83AF-CAAB0E224D13}.Debug|x86.ActiveCfg = Debug|Win32
		{3EE6CEA7-4386-431C-83AF-CAAB0E224D13}.Debug|x86.Build.0 = Debug|Win32
		{3EE6CEA7-4386-431C-83AF-CAAB0E224D13}.Release|x64.ActiveCfg = Release|x64
		{3EE6CEA7-4386-431C-83AF-CAAB0E224D13}.Release|x64.Build.0 = Release|x64
		{3EE6CEA7-4386-431C-83AF-CAAB0E224D13}.Release|x86.ActiveCfg = Release|Win32
		{3EE6CEA7-4386-431C-83AF-CAAB0E224D13}.Release|x86.Build.0 = Release|Win32
		{58D7CE5E-0667-453C-8CD2-CABE1E6E630C}.Debug|x64.ActiveCfg = Debug|x64
		{58D7CE5E-0667-453C-8CD2-CABE1E6E630C}.Debug|x64.Build.0 = Debug|x64
		{58D7CE5E-0667-453C-8CD2-CABE1E6E630C}.Debug|x86.ActiveCfg = Debug|Win32
		{58D7CE5E-0667-453C-8CD2-CABE1E6E630C}.Debug|x86.Build.0 = Debug|Win32
		{58D7CE5E-0667-453C-8CD2-CABE1E6E630C}.Release|x64.ActiveCfg = Release|x64
		{58D7CE5E-0667-453C-8CD2-CABE1E6E630C}.Release|x64.Build.0 = Release|x64
		{58D7CE5E-0667-453C-8CD2-CABE1E6E630C}.Release|x86.ActiveCfg = Release|Win32
		{58D7CE5E-0667-453C-8CD2-CABE1E6E630C}.Release|x86.Build.0 = Release|Win32
		{89C58DF3-CA1E-42B1-BA87-A93BEC053A51}.Debug|x64.ActiveCfg = Debug|x64
		{89C58DF3-CA1E-42B1-BA87-A93BEC053A51}.Debug|x64.Build.0 = Debug|x64
		{89C58DF3-CA1E-42B1-BA87-A93BEC053A51}.Debug|x86.ActiveCfg = Debug|Win32
		{89C58DF3-CA1E-42B1-BA87-A93BEC053A51}.Debug|x86.Build.0 = Debug|Win32
		{89C58DF3-CA1E-42B1-BA87-A93BEC053A51}.Release|x64.ActiveCfg = Release|x64
		{89C58DF3-CA1E-42B1-BA87-A93BEC053A51}.Release|x64.Build.0 = Release|x64
		{89C58DF3-CA1E-42B1-BA87-A93BEC053A51}.Release|x86.ActiveCfg = Release|Win32
		{89C58DF3-CA1E-42B1-BA87-A93BEC053A51}.Release|x86.Build.0 = Release|Win32
		{4137A4CA-68BD-4D1C-9B49-FB0BBEB71E12}.Debug|x64.ActiveCfg = Debug|x64
		{4137A4CA-68BD-4D1C-9B49-FB0BBEB71E12}.Debug|x64.Build.0 = Debug|x64
		{4137A4CA-68BD-4D1C-9B49-FB0BBEB71E12}.Debug|x86.ActiveCfg = Debug|Win32
		{4137A4CA-68BD-4D1C-9B49-FB0BBEB71E12}.Debug|x86.Build.0 = Debug|Win32
		{4137A4CA-68BD-4D1C-9B49-FB0BBEB71E12}.Release|x64.ActiveCfg = Release|x64
		{4137A4CA-68BD-4D1C-9B49-FB0BBEB71E12}.Release|x64.Build.0 = Release|x64
		{4137A4CA-68BD-4D1C-9B49-FB0BBEB71E12}.Release|x86.ActiveCfg = Release|Win32
		{4137A4CA-68BD-4D1C-9B49-FB0BBEB71E12}.Release|x86.Build.0 = Release|Win32
		{D3F4DE6E-DD83-43EE-A49F-64EA7477CC91}.Debug|x64.ActiveCfg = Debug|x64
		{D3F4DE6E-DD83-43EE-A49F-64EA7477CC91}.Debug|x64.Build.0 = Debug|x64
		{D3F4DE6E-DD83-43EE-A49F-64EA7477CC91}.Debug|x86.ActiveCfg = Debug|Win32
		{D3F4DE6E-DD83-43EE-A49F-64EA7477CC91}.Debug|x86.Build.0 = Debug|Win32
		{D3F4DE6E-DD83-43EE-A49F-64EA7477CC91}.Release|x64.ActiveCfg = Release|x64
		{D3F4DE6E-DD83-43EE-A49F-64EA7477CC91}.Release|x64.Build.0 = Release|x64
		{D3F4DE6E-DD83-43EE-A49F-64EA7477CC91}.Release|x86.ActiveCfg = Release|Win32
		{D3F4DE6E-DD83-43EE-A49F-64EA7477CC91}.Release|x86.Build.0 = Release|Win32
		{75BCBA84-B198-4E8E-8722-834B173EBA58}.Debug|x64.ActiveCfg = Debug|x64
		{75BCBA84-B198-4E8E-8722-834B173EBA58}.Debug|x64.Build.0 = Debug|x64
		{75BCBA84-B198-4E8E-8722-834B173EBA58}.Debug|x86.ActiveCfg = Debug|Win32
		{75BCBA84-B198-4E8E-8722-834B173EBA58}.Debug|x86.Build.0 = Debug|Win32
		{75BCBA84-B198-4E8E-8722-834B173EBA58}.Release|x64.ActiveCfg = Release|x64
		{75BCBA84-B198-4E8E-8722-834B173EBA58}.Release|x64.Build.0 = Release|x64
		{75BCBA84-B198-4E8E-8722-834B173EBA58}.Release|x86.ActiveCfg = Release|Win32
		{75BCBA84-B198-4E8E-8722-834B173EBA58}.Release|x86.Build.0 = Release|Win32
		{DC3B673D-9E34-40AB-A089-897F64A9B5CC}.Debug|x64.ActiveCfg = Debug|x64
		{DC3B673D-9E34-40AB-A089-897F64A9B5CC}.Debug|x64.Build.0 = Debug|x64
		{DC3B673D-9E34-40AB-A089-897F64A9B5CC}.Debug|x86.ActiveCfg = Debug|Win32
		{DC3B673D-9E34-40AB-A089-897F64A9B5CC}.Debug|x86.Build.0 = Debug|Win32
		{DC3B673D-9E34-40AB-A089-897F64A9B5CC}.Release|x64.ActiveCfg = Release|x64
		{DC3B673D-9E34-40AB-A089-897F64A9B5CC}.Release|x64.Build.0 = Release|x64
		{DC3B673D-9E34-40AB-A089-897F64A9B5CC}.Release|x86.ActiveCfg = Release|Win32
		{DC3B673D-9E34-40AB-A089-897F64A9B5CC}.Release|x86.Build.0 = Release|Win32
		{DB71AE8F-1A3C-4C2B-8060-17D70A7A7F33}.Debug|x64.ActiveCfg = Debug|x64
		{DB71AE8F-1A3C-4C2B-8060-17D70A7A7F33}.Debug|x64.Build.0 = Debug|x64
		{DB71AE8F-1A3C-4C2B-8060-17D70A7A7F33}.Debug|x86.ActiveCfg = Debug|Win32
		{DB71AE8F-1A3C-4C2B-8060-17D70A7A7F33}.Debug|x86.Build.0 = Debug|Win32
		{DB71AE8F-1A3C-4C2B-8060-17D70A7A7F33}.Release|x64.ActiveCfg = Release|x64
		{DB71AE8F-1A3C-4C2B-8060-17D70A7A7F33}.Release|x64.Build.0 = Release|x64
		{DB71AE8F-1A3C-4C2B-8060-17D70A7A7F33}.Release|x86.ActiveCfg = Release|Win32
		{DB71AE8F-1A3C-4C2B-8060-17D70A7A7F33}.Release|x86.Build.0 = Release|Win32
		{6E51043E-5EA9-4B8C-93D7-77FE26606BEF}.Debug|x64.ActiveCfg = Debug|x64
		{6E51043E-5EA9-4B8C-93D7-77FE26606BEF}.Debug|x64.Build.0 = Debug|x64
		{6E51043E-5EA9-4B8C-93D7-77FE26606BEF}.Debug|x86.ActiveCfg = Debug|Win32
		{6E51043E-5EA9-4B8C-93D7-77FE26606BEF}.Debug|x86.Build.0 = Debug|Win32
		{6E51043E-5EA9-4B8C-93D7-77FE26606BEF}.Release|x64.ActiveCfg = Release|x64
		{6E51043E-5EA9-4B8C-93D7-77FE26606BEF}.Release|x64.Build.0 = Release|x64
		{6E51043E-5EA9-4B8C-93D7-77FE26606BEF}.Release|x86.ActiveCfg = Release|Win32
		{6E51043E-5EA9-4B8C-93D7-77FE26606BEF}.Release|x86.Build.0 = Release|Win32
		{0F597B36-AC0D-487E-BA73-3B74B804BDD2}.Debug|x64.ActiveCfg = Debug|x64
		{0F597B36-AC0D-487E-BA73-3B74B804BDD2}.Debug|x64.Build.0 = Debug|x64
		{0F597B36-AC0D-487E-BA73-3B74B804BDD2}.Debug|x86.ActiveCfg = Debug|Win32
		{0F597B36-AC0D-487E-BA73-3B74B804BDD2}.Debug|x86.Build.0 = Debug|Win32
		{0F597B36-AC0D-487E-BA73-3B74B804BDD2}.Release|x64.ActiveCfg = Release|x64
		{0F597B36-AC0D-487E-BA73-3B74B804BDD2}.Release|x64.Build.0 = Release|x64
		{0F597B36-AC0D-487E-BA73-3B74B804BDD2}.Release|x86.ActiveCfg = Release|Win32
		{0F597B36-AC0D-487E-BA73-3B74B804BDD2}.Release|x86.Build.0 = Release|Win32
		{DF4BBE52-A022-44BD-A24A-B83034C152A7}.Debug|x64.ActiveCfg = Debug|x64
		{DF4BBE52-A022-44BD-A24A-B83034C152A7}.Debug|x64.Build.0 = Debug|x64
		{DF4BBE52-A022-44BD-A24A-B83034C152A7}.Debug|x86.ActiveCfg = Debug|Win32
		{DF4BBE52-A022-44BD-A24A-B83034C152A7}.Debug|x86.Build.0 = Debug|Win32
		{DF4BBE52-A022-44BD-A24A-B83034C152A7}.Release|x64.ActiveCfg = Release|x64
		{DF4BBE52-A022-44BD-A24A-B83034C152A7}.Release|x64.Build.0 = Release|x64
		{DF4BBE52-A022-44BD-A24A-B83034C152A7}.Release|x86.ActiveCfg = Release|Win32
		{DF4BBE52-A022-44BD-A24A-B83034C152A7}.Release|x86.Build.0 = Release|Win32
		{6A49C7D9-E226-4F23-A4EF-BF6C545C7387}.Debug|x64.ActiveCfg = Debug|x64
		{6A49C7D9-E226-4F23-A4EF-BF6C545C7387}.Debug|x64.Build.0 = Debug|x64
		{6A49C7D9-E226-4F23-A4EF-BF6C545C7387}.Debug|x86.ActiveCfg = Debug|Win32
		{6A49C7D9-E226-4F23-A4EF-BF6C545C7387}.Debug|x86.Build.0 = Debug|Win32
		{6A49C7D9-E226-4F23-A4EF-BF6C545C7387}.Release|x64.ActiveCfg = Release|x64
		{6A49C7D9-E226-4F23-A4EF-BF6C545C7387}.Release|x64.Build.0 = Release|x64
		{6A49C7D9-E226-4F23-A4EF-BF6C545C7387}.Release|x86.ActiveCfg = Release|Win32
		{6A49C7D9-E226-4F23-A4EF-BF6C545C7387}.Release|x86.Build.0 = Release|Win32
		{07434E21-80C7-4702-A7E4-B4C1A6F4AA42}.Debug|x64.ActiveCfg = Debug|x64
		{07434E21-80C7-4702-A7E4-B4C1A6F4AA42}.Debug|x64.Build.0 = Debug|x64
		{07434E21-80C7-4702-A7E4-B4C1A6F4AA42}.Debug|x86.ActiveCfg = Debug|Win32
		{07434E21-80C7-4702-A7E4-B4C1A6F4AA42}.Debug|x86.Build.0 = Debug|Win32
		{07434E21-80C7-4702-A7E4-B4C1A6F4AA42}.Release|x64.ActiveCfg = Release|x64
		{07434E21-80C7-4702-A7E4-B4C1A6F4AA42}.Release|x64.Build.0 = Release|x64
		{07434E21-80C7-4702-A7E4-B4C1A6F4AA42}.Release|x86.ActiveCfg = Release|Win32
		{07434E21-80C7-4702-A7E4-B4C1A6F4AA42}.Release|x86.Build.0 = Release|Win32
		{B6254707-2A77-4D92-91FB-7E45449850F7}.Debug|x64.ActiveCfg = Debug|x64
		{B6254707-2A77-4D92-91FB-7E45449850F7}.Debug|x64.Build.0 = Debug|x64
		{B6254707-2A77-4D92-91FB-7E45449850F7}.Debug|x86.ActiveCfg = Debug|Win32
		{B6254707-2A77-4D92-91FB-7E45449850F7}.Debug|x86.Build.0 = Debug|Win32
		{B6254707-2A77-4D92-91FB-7E45449850F7}.Release|x64.ActiveCfg = Release|x64
		{B6254707-2A77-4D92-91FB-7E45449850F7}.Release|x64.Build.0 = Release|x64
		{B6254707-2A77-4D92-91FB-7E45449850F7}.Release|x86.ActiveCfg = Release|Win32
		{B6254707-2A77-4D92-91FB-7E45449850F7}.Release|x86.Build.0 = Release|Win32
		{9B3C132C-684C-44EE-8760-5ACD5979C3E6}.Debug|x64.ActiveCfg = Debug|x64
		{9B3C132C-684C-44EE-8760-5ACD5979C3E6}.Debug|x64.Build.0 = Debug|x64
		{9B3C132C-684C-44EE-8760-5ACD5979C3E6}.Debug|x86.ActiveCfg = Debug|Win32
		{9B3C132C-684C-44EE-8760-5ACD5979C3E6}.Debug|x86.Build.0 = Debug|Win32
		{9B3C132C-684C-44EE-8760-5ACD5979C3E6}.Release|x64.ActiveCfg = Release|x64
		{9B3C132C-684C-44EE-8760-5ACD5979C3E6}.Release|x64.Build.0 = Release|x64
		{9B3C132C-684C-44EE-8760-5ACD5979C3E6}.Release|x86.ActiveCfg = Release|Win32
		{9B3C132C-684C-44EE-8760-5ACD5979C3E6}.Release|x86.Build.0 = Release|Win32
		{C1C584C9-F8FC-4FA8-AF63-0E21D156DA08}.Debug|x64.ActiveCfg = Debug|x64
		{C1C584C9-F8FC-4FA8-AF63-0E21D156DA08}.Debug|x64.Build.0 = Debug|x64
		{C1C584C9-F8FC-4FA8-AF63-0E21D156DA08}.Debug|x86.ActiveCfg = Debug|Win32
		{C1C584C9-F8FC-4FA8-AF63-0E21D156DA08}.Debug|x86.Build.0 = Debug|Win32
		{C1C584C9-F8FC-4FA8-AF63-0E21D156DA08}.Release|x64.ActiveCfg = Release|x64
		{C1C584C9-F8FC-4FA8-AF63-0E21D156DA08}.Release|x64.Build.0 = Release|x64
		{C1C584C9-F8FC-4FA8-AF63-0E21D156DA08}.Release|x86.ActiveCfg = Release|Win32
		{C1C584C9-F8FC-4FA8-AF63-0E21D156DA08}.Release|x86.Build.0 = Release|Win32
		{B440ADD9-5CE4-4AD5-9C8A-3BC5A14E5D0D}.Debug|x64.ActiveCfg = Debug|x64
		{B440ADD9-5CE4-4AD5-9C8A-3BC5A14E5D0D}.Debug|x64.Build.0 = Debug|x64
		{B440ADD9-5CE4-4AD5-9C8A-3BC5A14E5D0D}.Debug|x86.ActiveCfg = Debug|Win32
		{B440ADD9-5CE4-4AD5-9C8A-3BC5A14E5D0D}.Debug|x86.Build.0 = Debug|Win32
		{B440ADD9-5CE4-4AD5-9C8A-3BC5A14E5D0D}.Release|x64.ActiveCfg = Release|x64
		{B440ADD9-5CE4-4AD5-9C8A-3BC5A14E5D0D}.Release|x64.Build.0 = Release|x64
		{B440ADD9-5CE4-4AD5-9C8A-3BC5A14E5D0D}.Release|x86.ActiveCfg = Release|Win32
		{B440ADD9-5CE4-4AD5-9C8A-3BC5A14E5D0D}.Release|x86.Build.0 = Release|Win32
		{46CBB93A-C269-42A7-954B-C66E139E2B05}.Debug|x64.ActiveCfg = Debug|x64
		{46CBB93A-C269-42A7-954B-C66E139E2B05}.Debug|x64.Build.0 = Debug|x64
		{46CBB93A-C269-42A7-954B-C66E139E2B05}.Debug|x86.ActiveCfg = Debug|Win32
		{46CBB93A-C269-42A7-954B-C66E139E2B05}.Debug|x86.Build.0 = Debug|Win32
		{46CBB93A-C269-42A7-954B-C66E139E2B05}.Release|x64.ActiveCfg = Release|x64
		{46CBB93A-C269-42A7-954B-C66E139E2B05}.Release|x64.Build.0 = Release|x64
		{46CBB93A-C269-42A7-954B-C66E139E2B05}.Release|x86.ActiveCfg = Release|Win32
		{46CBB93A-C269-42A7-954B-C66E139E2B05}.Release|x86.Build.0 = Release|Win32
		{D57BEFFC-FA7E-4718-B24E-70463F3C8319}.Debug|x64.ActiveCfg = Debug|x64
		{D57BEFFC-FA7E-4718-B24E-70463F3C8319}.Debug|x64.Build.0 = Debug|x64
		{D57BEFFC-FA7E-4718-B24E-70463F3C8319}.Debug|x86.ActiveCfg = Debug|Win32
		{D57BEFFC-FA7E-4718-B24E-70463F3C8319}.Debug|x86.Build.0 = Debug|Win32
		{D57BEFFC-FA7E-4718-B24E-70463F3C8319}.Release|x64.ActiveCfg = Release|x64
		{D57BEFFC-FA7E-4718-B24E-70463F3C8319}.Release|x64.Build.0 = Release|x64
		{D57BEFFC-FA7E-4718-B24E-70463F3C8319}.Release|x86.ActiveCfg = Release|Win32
		{D57BEFFC-FA7E-4718-B24E-70463F3C8319}.Release|x86.Build.0 = Release|Win32
		{E5EAABC8-E5E2-4338-80B4-DBE8FC046BEA}.Debug|x64.ActiveCfg = Debug|x64
		{E5EAABC8-E5E2-4338-80B4-DBE8FC046BEA}.Debug|x64.Build.0 = Debug|x64
		{E5EAABC8-E5E2-4338-80B4-DBE8FC046BEA}.Debug|x86.ActiveCfg = Debug|Win32
		{E5EAABC8-E5E2-4338-80B4-DBE8FC046BEA}.Debug|x86.Build.0 = Debug|Win32
		{E5EAABC8-E5E2-4338-80B4-DBE8FC046BEA}.Release|x64.ActiveCfg = Release|x64
		{E5EAABC8-E5E2-4338-80B4-DBE8FC046BEA}.Release|x64.Build.0 = Release|x64
		{E5EAABC8-E5E2-4338-80B4-DBE8FC046BEA}.Release|x86.ActiveCfg = Release|Win32
		{E5EAABC8-E5E2-4338-80B4-DBE8FC046BEA}.Release|x86.Build.0 = Release|Win32
		{2EF24089-365F-4952-B62C-F33DF5A5115F}.Debug|x64.ActiveCfg = Debug|x64
		{2EF24089-365F-4952-B62C-F33DF5A5115F}.Debug|x64.Build.0 = Debug|x64
		{2EF24089-365F-4952-B62C-F33DF5A5115F}.Debug|x86.ActiveCfg = Debug|Win32
		{2EF24089-365F-4952-B62C-F33DF5A5115F}.Debug|x86.Build.0 = Debug|Win32
		{2EF24089-365F-4952-B62C-F33DF5A5115F}.Release|x64.ActiveCfg = Release|x64
		{2EF24089-365F-4952-B62C-F33DF5A5115F}.Release|x64.Build.0 = Release|x64
		{2EF24089-365F-4952-B62C-F33DF5A5115F}.Release|x86.ActiveCfg = Release|Win32
		{2EF24089-365F-4952-B62C-F33DF5A5115F}.Release|x86.Build.0 = Release|Win32
		{DE2E829D-55C7-4404-9134-81EDA42CB68E}.Debug|x64.ActiveCfg = Debug|x64
		{DE2E829D-55C7-4404-9134-81EDA42CB68E}.Debug|x64.Build.0 = Debug|x64
		{DE2E829D-55C7-4404-9134-81EDA42CB68E}.Debug|x86.ActiveCfg = Debug|Win32
		{DE2E829D-55C7-4404-9134-81EDA42CB68E}.Debug|x86.Build.0 = Debug|Win32
		{DE2E829D-55C7-4404-9134-81EDA42CB68E}.Release|x64.ActiveCfg = Release|x64
		{DE2E829D-55C7-4404-9134-81EDA42CB68E}.Release|x64.Build.0 = Release|x64
		{DE2E829D-55C7-4404-9134-81EDA42CB68E}.Release|x86.ActiveCfg = Release|Win32
		{DE2E829D-55C7-4404-9134-81EDA42CB68E}.Release|x86.Build.0 = Release|Win32
		{72306BC7-DECE-477F-AE31-275DB28B30E6}.Debug|x64.ActiveCfg = Debug|x64
		{72306BC7-DECE-477F-AE31-275DB28B30E6}.Debug|x64.Build.0 = Debug|x64
		{72306BC7-DECE-477F-AE31-275DB28B30E6}.Debug|x86.ActiveCfg = Debug|Win32
		{72306BC7-DECE-477F-AE31-275DB28B30E6}.Debug|x86.Build.0 = Debug|Win32
		{72306BC7-DECE-477F-AE31-275DB28B30E6}.Release|x64.ActiveCfg = Release|x64
		{72306BC7-DECE-477F-AE31-275DB28B30E6}.Release|x64.Build.0 = Release|x64
		{72306BC7-DECE-477F-AE31-275DB28B30E6}.Release|x86.ActiveCfg = Release|Win32
		{72306BC7-DECE-477F-AE31-275DB28B30E6}.Release|x86.Build.0 = Release|Win32
		{7A241947-AB26-4C62-95FF-BEDF82D7C227}.Debug|x64.ActiveCfg = Debug|x64
		{7A241947-AB26-4C62-95FF-BEDF82D7C227}.Debug|x64.Build.0 = Debug|x64
		{7A241947-AB26-4C62-95FF-BEDF82D7C227}.Debug|x86.ActiveCfg = Debug|Win32
		{7A241947-AB26-4C62-95FF-BEDF82D7C227}.Debug|x86.Build.0 = Debug|Win32
		{7A241947-AB26-4C62-95FF-BEDF82D7C227}.Release|x64.ActiveCfg = Release|x64
		{7A241947-AB26-4C62-95FF-BEDF82D7C227}.Release|x64.Build.0 = Release|x64
		{7A241947-AB26-4C62-95FF-BEDF82D7C227}.Release|x86.ActiveCfg = Release|Win32
		{7A241947-AB26-4C62-95FF-BEDF82D7C227}.Release|x86.Build.0 = Release|Win32
		{6FF53632-3E3B-47DB-A333-D5661EBBACF2}.Debug|x64.ActiveCfg = Debug|x64
		{6FF53632-3E3B-47DB-A333-D5661EBBACF2}.Debug|x64.Build.0 = Debug|x64
		{6FF53632-3E3B-47DB-A333-D5661EBBACF2}.Debug|x86.ActiveCfg = Debug|Win32
		{6FF53632-3E3B-47DB-A333-D5661EBBACF2}.Debug|x86.Build.0 = Debug|Win32
		{6FF53632-3E3B-47DB-A333-D5661EBBACF2}.Release|x64.ActiveCfg = Release|x64
		{6FF53632-3E3B-47DB-A333-D5661EBBACF2}.Release|x64.Build.0 = Release|x64
		{6FF53632-3E3B-47DB-A333-D5661EBBACF2}.Release|x86.ActiveCfg = Release|Win32
		{6FF53632-3E3B-47DB-A333-D5661EBBACF2}.Release|x86.Build.0 = Release|Win32
		{DF63375F-85E4-4DC5-9543-5264D554DA44}.Debug|x64.ActiveCfg = Debug|x64
		{DF63375F-85E4-4DC5-9543-5264D554DA44}.Debug|x64.Build.0 = Debug|x64
		{DF63375F-85E4-4DC5-9543-5264D554DA44}.Debug|x86.ActiveCfg = Debug|Win32
		{DF63375F-85E4-4DC5-9543-5264D554DA44}.Debug|x86.Build.0 = Debug|Win32
		{DF63375F-85E4-4DC5-9543-5264D554DA44}.Release|x64.ActiveCfg = Release|x64
		{DF63375F-85E4-4DC5-9543-5264D554DA44}.Release|x64.Build.0 = Release|x64
		{DF63375F-85E4-4DC5-9543-5264D554DA44}.Release|x86.ActiveCfg = Release|Win32
		{DF63375F-85E4-4DC5-9543-5264D554DA44}.Release|x86.Build.0 = Release|Win32
		{1455DB2F-5E8F-48C8-8DB0-BB2E2A1DAAC1}.Debug|x64.ActiveCfg = Debug|x64
		{1455DB2F-5E8F-48C8-8DB0-BB2E2A1DAAC1}.Debug|x64.Build.0 = Debug|x64
		{1455DB2F-5E8F-48C8-8DB0-BB2E2A1DAAC1}.Debug|x86.ActiveCfg = Debug|Win32
		{1455DB2F-5E8F-48C8-8DB0-BB2E2A1DAAC1}.Debug|x86.Build.0 = Debug|Win32
		{1455DB2F-5E8F-48C8-8DB0-BB2E2A1DAAC1}.Release|x64.ActiveCfg = Release|x64
		{1455DB2F-5E8F-48C8-8DB0-BB2E2A1DAAC1}.Release|x64.Build.0 = Release|x64
		{1455DB2F-5E8F-48C8-8DB0-BB2E2A1DAAC1}.Release|x86.ActiveCfg = Release|Win32
		{1455DB2F-5E8F-48C8-8DB0-BB2E2A1DAAC1}.Release|x86.Build.0 = Release|Win32
		{104D08F3-0129-4C40-9D83-07B00609EEA3}.Debug|x64.ActiveCfg = Debug|x64
		{104D08F3-0129-4C40-9D83-07B00609EEA3}.Debug|x64.Build.0 = Debug|x64
		{104D08F3-0129-4C40-9D83-07B00609EEA3}.Debug|x86.ActiveCfg = Debug|Win32
		{104D08F3-0129-4C40-9D83-07B00609EEA3}.Debug|x86.Build.0 = Debug|Win32
		{104D08F3-0129-4C40-9D83-07B00609EEA3}.Release|x64.ActiveCfg = Release|x64
		{104D08F3-0129-4C40-9D83-07B00609EEA3}.Release|x64.Build.0 = Release|x64
		{104D08F3-0129-4C40-9D83-07B00609EEA3}.Release|x86.ActiveCfg = Release|Win32
		{104D08F3-0129-4C40-9D83-07B00609EEA3}.Release|x86.Build.0 = Release|Win32
		{8CE245FA-D118-41D7-BEF5-6ECE5C0B116F}.Debug|x64.ActiveCfg = Debug|x64
		{8CE245FA-D118-41D7-BEF5-6ECE5C0B116F}.Debug|x64.Build.0 = Debug|x64
		{8CE245FA-D118-41D7-BEF5-6ECE5C0B116F}.Debug|x86.ActiveCfg = Debug|Win32
		{8CE245FA-D118-41D7-BEF5-6ECE5C0B116F}.Debug|x86.Build.0 = Debug|Win32
		{8CE245FA-D118-41D7-BEF5-6ECE5C0B116F}.Release|x64.ActiveCfg = Release|x64
		{8CE245FA-D118-41D7-BEF5-6ECE5C0B116F}.Release|x64.Build.0 = Release|x64
		{8CE245FA-D118-41D7-BEF5-6ECE5C0B116F}.Release|x86.ActiveCfg = Release|Win32
		{8CE245FA-D118-41D7-BEF5-6ECE5C0B116F}.Release|x86.Build.0 = Release|Win32
		{3235807B-0047-4616-8051-7A4D6CE45782}.Debug|x64.ActiveCfg = Debug|x64
		{3235807B-0047-4616-8051-7A4D6CE45782}.Debug|x64.Build.0 = Debug|x64
		{3235807B-0047-4616-8051-7A4D6CE45782}.Debug|x86.ActiveCfg = Debug|Win32
		{3235807B-0047-4616-8051-7A4D6CE45782}.Debug|x86.Build.0 = Debug|Win32
		{3235807B-0047-4616-8051-7A4D6CE45782}.Release|x64.ActiveCfg = Release|x64
		{3235807B-0047-4616-8051-7A4D6CE45782}.Release|x64.Build.0 = Release|x64
		{3235807B-0047-4616-8051-7A4D6CE45782}.Release|x86.ActiveCfg = Release|Win32
		{3235807B-0047-4616-8051-7A4D6CE45782}.Release|x86.Build.0 = Release|Win32
		{5C6305D1-45FA-43FA-AF88-F8D7DE36AF93}.Debug|x64.ActiveCfg = Debug|x64
		{5C6305D1-45FA-43FA-AF88-F8D7DE36AF93}.Debug|x64.Build.0 = Debug|x64
		{5C6305D1-45FA-43FA-AF88-F8D7DE36AF93}.Debug|x86.ActiveCfg = Debug|Win32
		{5C6305D1-45FA-43FA-AF88-F8D7DE36AF93}.Debug|x86.Build.0 = Debug|Win32
		{5C6305D1-45FA-43FA-AF88-F8D7DE36AF93}.Release|x64.ActiveCfg = Release|x64
		{5C6305D1-45FA-43FA-AF88-F8D7DE36AF93}.Release|x64.Build.0 = Release|x64
		{5C6305D1-45FA-43FA-AF88-F8D7DE36AF93}.Release|x86.ActiveCfg = Release|Win32
		{5C6305D1-45FA-43FA-AF88-F8D7DE36AF93}.Release|x86.Build.0 = Release|Win32
		{C89F939B-83DD-4704-930D-8136EBE4819A}.Debug|x64.ActiveCfg = Debug|x64
		{C89F939B-83DD-4704-930D-8136EBE4819A}.Debug|x64.Build.0 = Debug|x64
		{C89F939B-83DD-4704-930D-8136EBE4819A}.Debug|x86.ActiveCfg = Debug|Win32
		{C89F939B-83DD-4704-930D-8136EBE4819A}.Debug|x86.Build.0 = Debug|Win32
		{C89F939B-83DD-4704-930D-8136EBE4819A}.Release|x64.ActiveCfg = Release|x64
		{C89F939B-83DD-4704-930D-8136EBE4819A}.Release|x64.Build.0 = Release|x64
		{C89F939B-83DD-4704-930D-8136EBE4819A}.Release|x86.ActiveCfg = Release|Win32
		{C89F939B-83DD-4704-930D-8136EBE4819A}.Release|x86.Build.0 = Release|Win32
		{5B76D50E-AEDC-473B-8291-57B4A04CD6DD}.Debug|x64.ActiveCfg = Debug|x64
		{5B76D50E-AEDC-473B-8291-57B4A04CD6DD}.Debug|x64.Build.0 = Debug|x64
		{5B76D50E-AEDC-473B-8291-57B4A04CD6DD}.Debug|x86.ActiveCfg = Debug|Win32
		{5B76D50E-AEDC-473B-8291-57B4A04CD6DD}.Debug|x86.Build.0 = Debug|Win32
		{5B76D50E-AEDC-473B-8291-57B4A04CD6DD}.Release|x64.ActiveCfg = Release|x64
		{5B76D50E-AEDC-473B-8291-57B4A04CD6DD}.Release|x64.Build.0 = Release|x64
		{5B76D50E-AEDC-473B-8291-57B4A04CD6DD}.Release|x86.ActiveCfg = Release|Win32
		{5B76D50E-AEDC-473B-8291-57B4A04CD6DD}.Release|x86.Build.0 = Release|Win32
		{8DCC677C-A77E-44D2-903E-057369E06E60}.Debug|x64.ActiveCfg = Debug|x64
		{8DCC677C-A77E-44D2-903E-057369E06E60}.Debug|x64.Build.0 = Debug|x64
		{8DCC677C-A77E-44D2-903E-057369E06E60}.Debug|x86.ActiveCfg = Debug|Win32
		{8DCC677C-A77E-44D2-903E-057369E06E60}.Debug|x86.Build.0 = Debug|Win32
		{8DCC677C-A77E-44D2-903E-057369E06E60}.Release|x64.ActiveCfg = Release|x64
		{8DCC677C-A77E-44D2-903E-057369E06E60}.Release|x64.Build.0 = Release|x64
		{8DCC677C-A77E-44D2-903E-057369E06E60}.Release|x86.ActiveCfg = Release|Win32
		{8DCC677C-A77E-44D2-903E-057369E06E60}.Release|x86.Build.0 = Release|Win32
		{6E412660-C541-41A6-81FB-38F81C1BDF13}.Debug|x64.ActiveCfg = Debug|x64
		{6E412660-C541-41A6-81FB-38F81C1BDF13}.Debug|x64.Build.0 = Debug|x64
		{6E412660-C541-41A6-81FB-38F81C1BDF13}.Debug|x86.ActiveCfg = Debug|Win32
		{6E412660-C541-41A6-81FB-38F81C1BDF13}.Debug|x86.Build.0 = Debug|Win32
		{6E412660-C541-41A6-81FB-38F81C1BDF13}.Release|x64.ActiveCfg = Release|x64
		{6E412660-C541-41A6-81FB-38F81C1BDF13}.Release|x64.Build.0 = Release|x64
		{6E412660-C541-41A6-81FB-38F81C1BDF13}.Release|x86.ActiveCfg = Release|Win32
		{6E412660-C541-41A6-81FB-38F81C1BDF13}.Release|x86.Build.0 = Release|Win32
		{CACE2037-0A19-43AA-B90D-976A89CAEF31}.Debug|x64.ActiveCfg = Debug|x64
		{CACE2037-0A19-43AA-B90D-976A89CAEF31}.Debug|x64.Build.0 = Debug|x64
		{CACE2037-0A19-43AA-B90D-976A89CAEF31}.Debug|x86.ActiveCfg = Debug|Win32
		{CACE2037-0A19-43AA-B90D-976A89CAEF31}.Debug|x86.Build.0 = Debug|Win32
		{CACE2037-0A19-43AA-B90D-976A89CAEF31}.Release|x64.ActiveCfg = Release|x64
		{CACE2037-0A19-43AA-B90D-976A89CAEF31}.Release|x64.Build.0 = Release|x64
		{CACE2037-0A19-43AA-B90D-976A89CAEF31}.Release|x86.ActiveCfg = Release|Win32
		{CACE2037-0A19-43AA-B90D-976A89CAEF31}.Release|x86.Build.0 = Release|Win32
	EndGlobalSection
	GlobalSection(SolutionProperties) = preSolution
		HideSolutionNode = FALSE
	EndGlobalSection
	GlobalSection(ExtensibilityGlobals) = postSolution
		SolutionGuid = {A38FAAC1-2E77-4411-A820-E1F55EA1649D}
	EndGlobalSection
EndGlobal
