
Microsoft Visual Studio Solution File, Format Version 12.00
# Visual Studio Version 17
VisualStudioVersion = 17.7.34031.279
MinimumVisualStudioVersion = 10.0.40219.1
Project("{8BC9CEB8-8B4A-11D0-8D11-00A0C91BC942}") = "Bài 001", "Bài 001\Bài 001.vcxproj", "{9B951C3E-F6C6-4A5D-B59B-DC3FDAD49AA0}"
EndProject
Project("{8BC9CEB8-8B4A-11D0-8D11-00A0C91BC942}") = "Bài 084", "Bài 084\Bài 084.vcxproj", "{187BEC95-DB59-49DC-BFFB-8023EF08B519}"
EndProject
Project("{8BC9CEB8-8B4A-11D0-8D11-00A0C91BC942}") = "Bài 085", "Bài 085\Bài 085.vcxproj", "{6E3315A3-69DC-4441-A691-10A3429C566F}"
EndProject
Project("{8BC9CEB8-8B4A-11D0-8D11-00A0C91BC942}") = "Bài 086", "Bài 086\Bài 086.vcxproj", "{1EE7C053-A5D2-4FFD-9105-C193FA125E82}"
EndProject
Project("{8BC9CEB8-8B4A-11D0-8D11-00A0C91BC942}") = "Bài 087", "Bài 087\Bài 087.vcxproj", "{BACBBD03-918B-464B-A4B1-C11AE86138F3}"
EndProject
Project("{8BC9CEB8-8B4A-11D0-8D11-00A0C91BC942}") = "Bài 088", "Bài 088\Bài 088.vcxproj", "{785F9646-2549-4EA2-8AB6-6256AF8984AA}"
EndProject
Project("{8BC9CEB8-8B4A-11D0-8D11-00A0C91BC942}") = "Bài 089", "Bài 089\Bài 089.vcxproj", "{AF30CDFB-20EE-4BC6-98EB-60EB63E1BC75}"
EndProject
Project("{8BC9CEB8-8B4A-11D0-8D11-00A0C91BC942}") = "Bài 090", "Bài 090\Bài 090.vcxproj", "{A60CAC48-FDBA-48F4-9F6F-84BB45F03F74}"
EndProject
Project("{8BC9CEB8-8B4A-11D0-8D11-00A0C91BC942}") = "Bài 091", "Bài 091\Bài 091.vcxproj", "{5EA617A5-C41B-4E9E-A426-EAB67CD5983C}"
EndProject
Project("{8BC9CEB8-8B4A-11D0-8D11-00A0C91BC942}") = "Bài 092", "Bài 092\Bài 092.vcxproj", "{906D02A7-E3EE-4702-BC83-7456DA65C0BF}"
EndProject
Project("{8BC9CEB8-8B4A-11D0-8D11-00A0C91BC942}") = "Bài 093", "Bài 093\Bài 093.vcxproj", "{7C09672D-F23E-4A54-8966-4121D4F51B33}"
EndProject
Project("{8BC9CEB8-8B4A-11D0-8D11-00A0C91BC942}") = "Bài 094", "Bài 094\Bài 094.vcxproj", "{DEF61459-0384-4C86-A658-F723F501BC66}"
EndProject
Project("{8BC9CEB8-8B4A-11D0-8D11-00A0C91BC942}") = "Bài 095", "Bài 095\Bài 095.vcxproj", "{19FF6EE5-4A79-45AC-A169-1FF4456878E5}"
EndProject
Project("{8BC9CEB8-8B4A-11D0-8D11-00A0C91BC942}") = "Bài 096", "Bài 096\Bài 096.vcxproj", "{D2956647-CAF0-4B63-BB41-165304EFB67B}"
EndProject
Project("{8BC9CEB8-8B4A-11D0-8D11-00A0C91BC942}") = "Bài 097", "Bài 097\Bài 097.vcxproj", "{9F8E2497-6139-46B1-BAF8-73671B832F5B}"
EndProject
Project("{8BC9CEB8-8B4A-11D0-8D11-00A0C91BC942}") = "Bài 098", "Bài 098\Bài 098.vcxproj", "{F3BB3DFF-9522-450A-8EF7-D224EA4C2290}"
EndProject
Project("{8BC9CEB8-8B4A-11D0-8D11-00A0C91BC942}") = "Bài 099", "Bài 099\Bài 099.vcxproj", "{185E3141-B6B9-426B-980C-C0C530822D91}"
EndProject
Project("{8BC9CEB8-8B4A-11D0-8D11-00A0C91BC942}") = "Bài 100", "Bài 100\Bài 100.vcxproj", "{8E24C49F-BA3C-4A04-9406-84608B0E1947}"
EndProject
Project("{8BC9CEB8-8B4A-11D0-8D11-00A0C91BC942}") = "Bài 101", "Bài 101\Bài 101.vcxproj", "{21286649-4662-40CA-9484-DE4068B97304}"
EndProject
Project("{8BC9CEB8-8B4A-11D0-8D11-00A0C91BC942}") = "Bài 102", "Bài 102\Bài 102.vcxproj", "{6D986DC8-0515-40C2-8A95-6870F874492B}"
EndProject
Project("{8BC9CEB8-8B4A-11D0-8D11-00A0C91BC942}") = "Bài 103", "Bài 103\Bài 103.vcxproj", "{008A45C4-EE87-499A-8E78-421E55EB9A4F}"
EndProject
Project("{8BC9CEB8-8B4A-11D0-8D11-00A0C91BC942}") = "Bài 104", "Bài 104\Bài 104.vcxproj", "{3EE6CEA7-4386-431C-83AF-CAAB0E224D13}"
EndProject
Project("{8BC9CEB8-8B4A-11D0-8D11-00A0C91BC942}") = "Bài 105", "Bài 105\Bài 105.vcxproj", "{58D7CE5E-0667-453C-8CD2-CABE1E6E630C}"
EndProject
Project("{8BC9CEB8-8B4A-11D0-8D11-00A0C91BC942}") = "Bài 106", "Bài 106\Bài 106.vcxproj", "{89C58DF3-CA1E-42B1-BA87-A93BEC053A51}"
EndProject
Project("{8BC9CEB8-8B4A-11D0-8D11-00A0C91BC942}") = "Bài 107", "Bài 107\Bài 107.vcxproj", "{4137A4CA-68BD-4D1C-9B49-FB0BBEB71E12}"
EndProject
Project("{8BC9CEB8-8B4A-11D0-8D11-00A0C91BC942}") = "Bài 108", "Bài 108\Bài 108.vcxproj", "{D3F4DE6E-DD83-43EE-A49F-64EA7477CC91}"
EndProject
Global
	GlobalSection(SolutionConfigurationPlatforms) = preSolution
		Debug|x64 = Debug|x64
		Debug|x86 = Debug|x86
		Release|x64 = Release|x64
		Release|x86 = Release|x86
	EndGlobalSection
	GlobalSection(ProjectConfigurationPlatforms) = postSolution
		{9B951C3E-F6C6-4A5D-B59B-DC3FDAD49AA0}.Debug|x64.ActiveCfg = Debug|x64
		{9B951C3E-F6C6-4A5D-B59B-DC3FDAD49AA0}.Debug|x64.Build.0 = Debug|x64
		{9B951C3E-F6C6-4A5D-B59B-DC3FDAD49AA0}.Debug|x86.ActiveCfg = Debug|Win32
		{9B951C3E-F6C6-4A5D-B59B-DC3FDAD49AA0}.Debug|x86.Build.0 = Debug|Win32
		{9B951C3E-F6C6-4A5D-B59B-DC3FDAD49AA0}.Release|x64.ActiveCfg = Release|x64
		{9B951C3E-F6C6-4A5D-B59B-DC3FDAD49AA0}.Release|x64.Build.0 = Release|x64
		{9B951C3E-F6C6-4A5D-B59B-DC3FDAD49AA0}.Release|x86.ActiveCfg = Release|Win32
		{9B951C3E-F6C6-4A5D-B59B-DC3FDAD49AA0}.Release|x86.Build.0 = Release|Win32
		{187BEC95-DB59-49DC-BFFB-8023EF08B519}.Debug|x64.ActiveCfg = Debug|x64
		{187BEC95-DB59-49DC-BFFB-8023EF08B519}.Debug|x64.Build.0 = Debug|x64
		{187BEC95-DB59-49DC-BFFB-8023EF08B519}.Debug|x86.ActiveCfg = Debug|Win32
		{187BEC95-DB59-49DC-BFFB-8023EF08B519}.Debug|x86.Build.0 = Debug|Win32
		{187BEC95-DB59-49DC-BFFB-8023EF08B519}.Release|x64.ActiveCfg = Release|x64
		{187BEC95-DB59-49DC-BFFB-8023EF08B519}.Release|x64.Build.0 = Release|x64
		{187BEC95-DB59-49DC-BFFB-8023EF08B519}.Release|x86.ActiveCfg = Release|Win32
		{187BEC95-DB59-49DC-BFFB-8023EF08B519}.Release|x86.Build.0 = Release|Win32
		{6E3315A3-69DC-4441-A691-10A3429C566F}.Debug|x64.ActiveCfg = Debug|x64
		{6E3315A3-69DC-4441-A691-10A3429C566F}.Debug|x64.Build.0 = Debug|x64
		{6E3315A3-69DC-4441-A691-10A3429C566F}.Debug|x86.ActiveCfg = Debug|Win32
		{6E3315A3-69DC-4441-A691-10A3429C566F}.Debug|x86.Build.0 = Debug|Win32
		{6E3315A3-69DC-4441-A691-10A3429C566F}.Release|x64.ActiveCfg = Release|x64
		{6E3315A3-69DC-4441-A691-10A3429C566F}.Release|x64.Build.0 = Release|x64
		{6E3315A3-69DC-4441-A691-10A3429C566F}.Release|x86.ActiveCfg = Release|Win32
		{6E3315A3-69DC-4441-A691-10A3429C566F}.Release|x86.Build.0 = Release|Win32
		{1EE7C053-A5D2-4FFD-9105-C193FA125E82}.Debug|x64.ActiveCfg = Debug|x64
		{1EE7C053-A5D2-4FFD-9105-C193FA125E82}.Debug|x64.Build.0 = Debug|x64
		{1EE7C053-A5D2-4FFD-9105-C193FA125E82}.Debug|x86.ActiveCfg = Debug|Win32
		{1EE7C053-A5D2-4FFD-9105-C193FA125E82}.Debug|x86.Build.0 = Debug|Win32
		{1EE7C053-A5D2-4FFD-9105-C193FA125E82}.Release|x64.ActiveCfg = Release|x64
		{1EE7C053-A5D2-4FFD-9105-C193FA125E82}.Release|x64.Build.0 = Release|x64
		{1EE7C053-A5D2-4FFD-9105-C193FA125E82}.Release|x86.ActiveCfg = Release|Win32
		{1EE7C053-A5D2-4FFD-9105-C193FA125E82}.Release|x86.Build.0 = Release|Win32
		{BACBBD03-918B-464B-A4B1-C11AE86138F3}.Debug|x64.ActiveCfg = Debug|x64
		{BACBBD03-918B-464B-A4B1-C11AE86138F3}.Debug|x64.Build.0 = Debug|x64
		{BACBBD03-918B-464B-A4B1-C11AE86138F3}.Debug|x86.ActiveCfg = Debug|Win32
		{BACBBD03-918B-464B-A4B1-C11AE86138F3}.Debug|x86.Build.0 = Debug|Win32
		{BACBBD03-918B-464B-A4B1-C11AE86138F3}.Release|x64.ActiveCfg = Release|x64
		{BACBBD03-918B-464B-A4B1-C11AE86138F3}.Release|x64.Build.0 = Release|x64
		{BACBBD03-918B-464B-A4B1-C11AE86138F3}.Release|x86.ActiveCfg = Release|Win32
		{BACBBD03-918B-464B-A4B1-C11AE86138F3}.Release|x86.Build.0 = Release|Win32
		{785F9646-2549-4EA2-8AB6-6256AF8984AA}.Debug|x64.ActiveCfg = Debug|x64
		{785F9646-2549-4EA2-8AB6-6256AF8984AA}.Debug|x64.Build.0 = Debug|x64
		{785F9646-2549-4EA2-8AB6-6256AF8984AA}.Debug|x86.ActiveCfg = Debug|Win32
		{785F9646-2549-4EA2-8AB6-6256AF8984AA}.Debug|x86.Build.0 = Debug|Win32
		{785F9646-2549-4EA2-8AB6-6256AF8984AA}.Release|x64.ActiveCfg = Release|x64
		{785F9646-2549-4EA2-8AB6-6256AF8984AA}.Release|x64.Build.0 = Release|x64
		{785F9646-2549-4EA2-8AB6-6256AF8984AA}.Release|x86.ActiveCfg = Release|Win32
		{785F9646-2549-4EA2-8AB6-6256AF8984AA}.Release|x86.Build.0 = Release|Win32
		{AF30CDFB-20EE-4BC6-98EB-60EB63E1BC75}.Debug|x64.ActiveCfg = Debug|x64
		{AF30CDFB-20EE-4BC6-98EB-60EB63E1BC75}.Debug|x64.Build.0 = Debug|x64
		{AF30CDFB-20EE-4BC6-98EB-60EB63E1BC75}.Debug|x86.ActiveCfg = Debug|Win32
		{AF30CDFB-20EE-4BC6-98EB-60EB63E1BC75}.Debug|x86.Build.0 = Debug|Win32
		{AF30CDFB-20EE-4BC6-98EB-60EB63E1BC75}.Release|x64.ActiveCfg = Release|x64
		{AF30CDFB-20EE-4BC6-98EB-60EB63E1BC75}.Release|x64.Build.0 = Release|x64
		{AF30CDFB-20EE-4BC6-98EB-60EB63E1BC75}.Release|x86.ActiveCfg = Release|Win32
		{AF30CDFB-20EE-4BC6-98EB-60EB63E1BC75}.Release|x86.Build.0 = Release|Win32
		{A60CAC48-FDBA-48F4-9F6F-84BB45F03F74}.Debug|x64.ActiveCfg = Debug|x64
		{A60CAC48-FDBA-48F4-9F6F-84BB45F03F74}.Debug|x64.Build.0 = Debug|x64
		{A60CAC48-FDBA-48F4-9F6F-84BB45F03F74}.Debug|x86.ActiveCfg = Debug|Win32
		{A60CAC48-FDBA-48F4-9F6F-84BB45F03F74}.Debug|x86.Build.0 = Debug|Win32
		{A60CAC48-FDBA-48F4-9F6F-84BB45F03F74}.Release|x64.ActiveCfg = Release|x64
		{A60CAC48-FDBA-48F4-9F6F-84BB45F03F74}.Release|x64.Build.0 = Release|x64
		{A60CAC48-FDBA-48F4-9F6F-84BB45F03F74}.Release|x86.ActiveCfg = Release|Win32
		{A60CAC48-FDBA-48F4-9F6F-84BB45F03F74}.Release|x86.Build.0 = Release|Win32
		{5EA617A5-C41B-4E9E-A426-EAB67CD5983C}.Debug|x64.ActiveCfg = Debug|x64
		{5EA617A5-C41B-4E9E-A426-EAB67CD5983C}.Debug|x64.Build.0 = Debug|x64
		{5EA617A5-C41B-4E9E-A426-EAB67CD5983C}.Debug|x86.ActiveCfg = Debug|Win32
		{5EA617A5-C41B-4E9E-A426-EAB67CD5983C}.Debug|x86.Build.0 = Debug|Win32
		{5EA617A5-C41B-4E9E-A426-EAB67CD5983C}.Release|x64.ActiveCfg = Release|x64
		{5EA617A5-C41B-4E9E-A426-EAB67CD5983C}.Release|x64.Build.0 = Release|x64
		{5EA617A5-C41B-4E9E-A426-EAB67CD5983C}.Release|x86.ActiveCfg = Release|Win32
		{5EA617A5-C41B-4E9E-A426-EAB67CD5983C}.Release|x86.Build.0 = Release|Win32
		{906D02A7-E3EE-4702-BC83-7456DA65C0BF}.Debug|x64.ActiveCfg = Debug|x64
		{906D02A7-E3EE-4702-BC83-7456DA65C0BF}.Debug|x64.Build.0 = Debug|x64
		{906D02A7-E3EE-4702-BC83-7456DA65C0BF}.Debug|x86.ActiveCfg = Debug|Win32
		{906D02A7-E3EE-4702-BC83-7456DA65C0BF}.Debug|x86.Build.0 = Debug|Win32
		{906D02A7-E3EE-4702-BC83-7456DA65C0BF}.Release|x64.ActiveCfg = Release|x64
		{906D02A7-E3EE-4702-BC83-7456DA65C0BF}.Release|x64.Build.0 = Release|x64
		{906D02A7-E3EE-4702-BC83-7456DA65C0BF}.Release|x86.ActiveCfg = Release|Win32
		{906D02A7-E3EE-4702-BC83-7456DA65C0BF}.Release|x86.Build.0 = Release|Win32
		{7C09672D-F23E-4A54-8966-4121D4F51B33}.Debug|x64.ActiveCfg = Debug|x64
		{7C09672D-F23E-4A54-8966-4121D4F51B33}.Debug|x64.Build.0 = Debug|x64
		{7C09672D-F23E-4A54-8966-4121D4F51B33}.Debug|x86.ActiveCfg = Debug|Win32
		{7C09672D-F23E-4A54-8966-4121D4F51B33}.Debug|x86.Build.0 = Debug|Win32
		{7C09672D-F23E-4A54-8966-4121D4F51B33}.Release|x64.ActiveCfg = Release|x64
		{7C09672D-F23E-4A54-8966-4121D4F51B33}.Release|x64.Build.0 = Release|x64
		{7C09672D-F23E-4A54-8966-4121D4F51B33}.Release|x86.ActiveCfg = Release|Win32
		{7C09672D-F23E-4A54-8966-4121D4F51B33}.Release|x86.Build.0 = Release|Win32
		{DEF61459-0384-4C86-A658-F723F501BC66}.Debug|x64.ActiveCfg = Debug|x64
		{DEF61459-0384-4C86-A658-F723F501BC66}.Debug|x64.Build.0 = Debug|x64
		{DEF61459-0384-4C86-A658-F723F501BC66}.Debug|x86.ActiveCfg = Debug|Win32
		{DEF61459-0384-4C86-A658-F723F501BC66}.Debug|x86.Build.0 = Debug|Win32
		{DEF61459-0384-4C86-A658-F723F501BC66}.Release|x64.ActiveCfg = Release|x64
		{DEF61459-0384-4C86-A658-F723F501BC66}.Release|x64.Build.0 = Release|x64
		{DEF61459-0384-4C86-A658-F723F501BC66}.Release|x86.ActiveCfg = Release|Win32
		{DEF61459-0384-4C86-A658-F723F501BC66}.Release|x86.Build.0 = Release|Win32
		{19FF6EE5-4A79-45AC-A169-1FF4456878E5}.Debug|x64.ActiveCfg = Debug|x64
		{19FF6EE5-4A79-45AC-A169-1FF4456878E5}.Debug|x64.Build.0 = Debug|x64
		{19FF6EE5-4A79-45AC-A169-1FF4456878E5}.Debug|x86.ActiveCfg = Debug|Win32
		{19FF6EE5-4A79-45AC-A169-1FF4456878E5}.Debug|x86.Build.0 = Debug|Win32
		{19FF6EE5-4A79-45AC-A169-1FF4456878E5}.Release|x64.ActiveCfg = Release|x64
		{19FF6EE5-4A79-45AC-A169-1FF4456878E5}.Release|x64.Build.0 = Release|x64
		{19FF6EE5-4A79-45AC-A169-1FF4456878E5}.Release|x86.ActiveCfg = Release|Win32
		{19FF6EE5-4A79-45AC-A169-1FF4456878E5}.Release|x86.Build.0 = Release|Win32
		{D2956647-CAF0-4B63-BB41-165304EFB67B}.Debug|x64.ActiveCfg = Debug|x64
		{D2956647-CAF0-4B63-BB41-165304EFB67B}.Debug|x64.Build.0 = Debug|x64
		{D2956647-CAF0-4B63-BB41-165304EFB67B}.Debug|x86.ActiveCfg = Debug|Win32
		{D2956647-CAF0-4B63-BB41-165304EFB67B}.Debug|x86.Build.0 = Debug|Win32
		{D2956647-CAF0-4B63-BB41-165304EFB67B}.Release|x64.ActiveCfg = Release|x64
		{D2956647-CAF0-4B63-BB41-165304EFB67B}.Release|x64.Build.0 = Release|x64
		{D2956647-CAF0-4B63-BB41-165304EFB67B}.Release|x86.ActiveCfg = Release|Win32
		{D2956647-CAF0-4B63-BB41-165304EFB67B}.Release|x86.Build.0 = Release|Win32
		{9F8E2497-6139-46B1-BAF8-73671B832F5B}.Debug|x64.ActiveCfg = Debug|x64
		{9F8E2497-6139-46B1-BAF8-73671B832F5B}.Debug|x64.Build.0 = Debug|x64
		{9F8E2497-6139-46B1-BAF8-73671B832F5B}.Debug|x86.ActiveCfg = Debug|Win32
		{9F8E2497-6139-46B1-BAF8-73671B832F5B}.Debug|x86.Build.0 = Debug|Win32
		{9F8E2497-6139-46B1-BAF8-73671B832F5B}.Release|x64.ActiveCfg = Release|x64
		{9F8E2497-6139-46B1-BAF8-73671B832F5B}.Release|x64.Build.0 = Release|x64
		{9F8E2497-6139-46B1-BAF8-73671B832F5B}.Release|x86.ActiveCfg = Release|Win32
		{9F8E2497-6139-46B1-BAF8-73671B832F5B}.Release|x86.Build.0 = Release|Win32
		{F3BB3DFF-9522-450A-8EF7-D224EA4C2290}.Debug|x64.ActiveCfg = Debug|x64
		{F3BB3DFF-9522-450A-8EF7-D224EA4C2290}.Debug|x64.Build.0 = Debug|x64
		{F3BB3DFF-9522-450A-8EF7-D224EA4C2290}.Debug|x86.ActiveCfg = Debug|Win32
		{F3BB3DFF-9522-450A-8EF7-D224EA4C2290}.Debug|x86.Build.0 = Debug|Win32
		{F3BB3DFF-9522-450A-8EF7-D224EA4C2290}.Release|x64.ActiveCfg = Release|x64
		{F3BB3DFF-9522-450A-8EF7-D224EA4C2290}.Release|x64.Build.0 = Release|x64
		{F3BB3DFF-9522-450A-8EF7-D224EA4C2290}.Release|x86.ActiveCfg = Release|Win32
		{F3BB3DFF-9522-450A-8EF7-D224EA4C2290}.Release|x86.Build.0 = Release|Win32
		{185E3141-B6B9-426B-980C-C0C530822D91}.Debug|x64.ActiveCfg = Debug|x64
		{185E3141-B6B9-426B-980C-C0C530822D91}.Debug|x64.Build.0 = Debug|x64
		{185E3141-B6B9-426B-980C-C0C530822D91}.Debug|x86.ActiveCfg = Debug|Win32
		{185E3141-B6B9-426B-980C-C0C530822D91}.Debug|x86.Build.0 = Debug|Win32
		{185E3141-B6B9-426B-980C-C0C530822D91}.Release|x64.ActiveCfg = Release|x64
		{185E3141-B6B9-426B-980C-C0C530822D91}.Release|x64.Build.0 = Release|x64
		{185E3141-B6B9-426B-980C-C0C530822D91}.Release|x86.ActiveCfg = Release|Win32
		{185E3141-B6B9-426B-980C-C0C530822D91}.Release|x86.Build.0 = Release|Win32
		{8E24C49F-BA3C-4A04-9406-84608B0E1947}.Debug|x64.ActiveCfg = Debug|x64
		{8E24C49F-BA3C-4A04-9406-84608B0E1947}.Debug|x64.Build.0 = Debug|x64
		{8E24C49F-BA3C-4A04-9406-84608B0E1947}.Debug|x86.ActiveCfg = Debug|Win32
		{8E24C49F-BA3C-4A04-9406-84608B0E1947}.Debug|x86.Build.0 = Debug|Win32
		{8E24C49F-BA3C-4A04-9406-84608B0E1947}.Release|x64.ActiveCfg = Release|x64
		{8E24C49F-BA3C-4A04-9406-84608B0E1947}.Release|x64.Build.0 = Release|x64
		{8E24C49F-BA3C-4A04-9406-84608B0E1947}.Release|x86.ActiveCfg = Release|Win32
		{8E24C49F-BA3C-4A04-9406-84608B0E1947}.Release|x86.Build.0 = Release|Win32
		{21286649-4662-40CA-9484-DE4068B97304}.Debug|x64.ActiveCfg = Debug|x64
		{21286649-4662-40CA-9484-DE4068B97304}.Debug|x64.Build.0 = Debug|x64
		{21286649-4662-40CA-9484-DE4068B97304}.Debug|x86.ActiveCfg = Debug|Win32
		{21286649-4662-40CA-9484-DE4068B97304}.Debug|x86.Build.0 = Debug|Win32
		{21286649-4662-40CA-9484-DE4068B97304}.Release|x64.ActiveCfg = Release|x64
		{21286649-4662-40CA-9484-DE4068B97304}.Release|x64.Build.0 = Release|x64
		{21286649-4662-40CA-9484-DE4068B97304}.Release|x86.ActiveCfg = Release|Win32
		{21286649-4662-40CA-9484-DE4068B97304}.Release|x86.Build.0 = Release|Win32
		{6D986DC8-0515-40C2-8A95-6870F874492B}.Debug|x64.ActiveCfg = Debug|x64
		{6D986DC8-0515-40C2-8A95-6870F874492B}.Debug|x64.Build.0 = Debug|x64
		{6D986DC8-0515-40C2-8A95-6870F874492B}.Debug|x86.ActiveCfg = Debug|Win32
		{6D986DC8-0515-40C2-8A95-6870F874492B}.Debug|x86.Build.0 = Debug|Win32
		{6D986DC8-0515-40C2-8A95-6870F874492B}.Release|x64.ActiveCfg = Release|x64
		{6D986DC8-0515-40C2-8A95-6870F874492B}.Release|x64.Build.0 = Release|x64
		{6D986DC8-0515-40C2-8A95-6870F874492B}.Release|x86.ActiveCfg = Release|Win32
		{6D986DC8-0515-40C2-8A95-6870F874492B}.Release|x86.Build.0 = Release|Win32
		{008A45C4-EE87-499A-8E78-421E55EB9A4F}.Debug|x64.ActiveCfg = Debug|x64
		{008A45C4-EE87-499A-8E78-421E55EB9A4F}.Debug|x64.Build.0 = Debug|x64
		{008A45C4-EE87-499A-8E78-421E55EB9A4F}.Debug|x86.ActiveCfg = Debug|Win32
		{008A45C4-EE87-499A-8E78-421E55EB9A4F}.Debug|x86.Build.0 = Debug|Win32
		{008A45C4-EE87-499A-8E78-421E55EB9A4F}.Release|x64.ActiveCfg = Release|x64
		{008A45C4-EE87-499A-8E78-421E55EB9A4F}.Release|x64.Build.0 = Release|x64
		{008A45C4-EE87-499A-8E78-421E55EB9A4F}.Release|x86.ActiveCfg = Release|Win32
		{008A45C4-EE87-499A-8E78-421E55EB9A4F}.Release|x86.Build.0 = Release|Win32
		{3EE6CEA7-4386-431C-83AF-CAAB0E224D13}.Debug|x64.ActiveCfg = Debug|x64
		{3EE6CEA7-4386-431C-83AF-CAAB0E224D13}.Debug|x64.Build.0 = Debug|x64
		{3EE6CEA7-4386-431C-83AF-CAAB0E224D13}.Debug|x86.ActiveCfg = Debug|Win32
		{3EE6CEA7-4386-431C-83AF-CAAB0E224D13}.Debug|x86.Build.0 = Debug|Win32
		{3EE6CEA7-4386-431C-83AF-CAAB0E224D13}.Release|x64.ActiveCfg = Release|x64
		{3EE6CEA7-4386-431C-83AF-CAAB0E224D13}.Release|x64.Build.0 = Release|x64
		{3EE6CEA7-4386-431C-83AF-CAAB0E224D13}.Release|x86.ActiveCfg = Release|Win32
		{3EE6CEA7-4386-431C-83AF-CAAB0E224D13}.Release|x86.Build.0 = Release|Win32
		{58D7CE5E-0667-453C-8CD2-CABE1E6E630C}.Debug|x64.ActiveCfg = Debug|x64
		{58D7CE5E-0667-453C-8CD2-CABE1E6E630C}.Debug|x64.Build.0 = Debug|x64
		{58D7CE5E-0667-453C-8CD2-CABE1E6E630C}.Debug|x86.ActiveCfg = Debug|Win32
		{58D7CE5E-0667-453C-8CD2-CABE1E6E630C}.Debug|x86.Build.0 = Debug|Win32
		{58D7CE5E-0667-453C-8CD2-CABE1E6E630C}.Release|x64.ActiveCfg = Release|x64
		{58D7CE5E-0667-453C-8CD2-CABE1E6E630C}.Release|x64.Build.0 = Release|x64
		{58D7CE5E-0667-453C-8CD2-CABE1E6E630C}.Release|x86.ActiveCfg = Release|Win32
		{58D7CE5E-0667-453C-8CD2-CABE1E6E630C}.Release|x86.Build.0 = Release|Win32
		{89C58DF3-CA1E-42B1-BA87-A93BEC053A51}.Debug|x64.ActiveCfg = Debug|x64
		{89C58DF3-CA1E-42B1-BA87-A93BEC053A51}.Debug|x64.Build.0 = Debug|x64
		{89C58DF3-CA1E-42B1-BA87-A93BEC053A51}.Debug|x86.ActiveCfg = Debug|Win32
		{89C58DF3-CA1E-42B1-BA87-A93BEC053A51}.Debug|x86.Build.0 = Debug|Win32
		{89C58DF3-CA1E-42B1-BA87-A93BEC053A51}.Release|x64.ActiveCfg = Release|x64
		{89C58DF3-CA1E-42B1-BA87-A93BEC053A51}.Release|x64.Build.0 = Release|x64
		{89C58DF3-CA1E-42B1-BA87-A93BEC053A51}.Release|x86.ActiveCfg = Release|Win32
		{89C58DF3-CA1E-42B1-BA87-A93BEC053A51}.Release|x86.Build.0 = Release|Win32
		{4137A4CA-68BD-4D1C-9B49-FB0BBEB71E12}.Debug|x64.ActiveCfg = Debug|x64
		{4137A4CA-68BD-4D1C-9B49-FB0BBEB71E12}.Debug|x64.Build.0 = Debug|x64
		{4137A4CA-68BD-4D1C-9B49-FB0BBEB71E12}.Debug|x86.ActiveCfg = Debug|Win32
		{4137A4CA-68BD-4D1C-9B49-FB0BBEB71E12}.Debug|x86.Build.0 = Debug|Win32
		{4137A4CA-68BD-4D1C-9B49-FB0BBEB71E12}.Release|x64.ActiveCfg = Release|x64
		{4137A4CA-68BD-4D1C-9B49-FB0BBEB71E12}.Release|x64.Build.0 = Release|x64
		{4137A4CA-68BD-4D1C-9B49-FB0BBEB71E12}.Release|x86.ActiveCfg = Release|Win32
		{4137A4CA-68BD-4D1C-9B49-FB0BBEB71E12}.Release|x86.Build.0 = Release|Win32
		{D3F4DE6E-DD83-43EE-A49F-64EA7477CC91}.Debug|x64.ActiveCfg = Debug|x64
		{D3F4DE6E-DD83-43EE-A49F-64EA7477CC91}.Debug|x64.Build.0 = Debug|x64
		{D3F4DE6E-DD83-43EE-A49F-64EA7477CC91}.Debug|x86.ActiveCfg = Debug|Win32
		{D3F4DE6E-DD83-43EE-A49F-64EA7477CC91}.Debug|x86.Build.0 = Debug|Win32
		{D3F4DE6E-DD83-43EE-A49F-64EA7477CC91}.Release|x64.ActiveCfg = Release|x64
		{D3F4DE6E-DD83-43EE-A49F-64EA7477CC91}.Release|x64.Build.0 = Release|x64
		{D3F4DE6E-DD83-43EE-A49F-64EA7477CC91}.Release|x86.ActiveCfg = Release|Win32
		{D3F4DE6E-DD83-43EE-A49F-64EA7477CC91}.Release|x86.Build.0 = Release|Win32
	EndGlobalSection
	GlobalSection(SolutionProperties) = preSolution
		HideSolutionNode = FALSE
	EndGlobalSection
	GlobalSection(ExtensibilityGlobals) = postSolution
		SolutionGuid = {A38FAAC1-2E77-4411-A820-E1F55EA1649D}
	EndGlobalSection
EndGlobal
